
Microsoft Visual Studio Solution File, Format Version 11.00
# Visual Studio 2010
Project("{FAE04EC0-301F-11D3-BF4B-00C04F79EFBC}") = "HISLogin", "HISLogin\HISLogin.csproj", "{B7BCA955-BACD-4D73-A19D-2E3C35E52C38}"
EndProject
Global
	GlobalSection(SolutionConfigurationPlatforms) = preSolution
		Debug|Any CPU = Debug|Any CPU
		Release|Any CPU = Release|Any CPU
	EndGlobalSection
	GlobalSection(ProjectConfigurationPlatforms) = postSolution
		{B7BCA955-BACD-4D73-A19D-2E3C35E52C38}.Debug|Any CPU.ActiveCfg = Debug|Any CPU
		{B7BCA955-BACD-4D73-A19D-2E3C35E52C38}.Debug|Any CPU.Build.0 = Debug|Any CPU
		{B7BCA955-BACD-4D73-A19D-2E3C35E52C38}.Release|Any CPU.ActiveCfg = Release|Any CPU
		{B7BCA955-BACD-4D73-A19D-2E3C35E52C38}.Release|Any CPU.Build.0 = Release|Any CPU
	EndGlobalSection
	GlobalSection(SolutionProperties) = preSolution
		HideSolutionNode = FALSE
	EndGlobalSection
EndGlobal
