
Microsoft Visual Studio Solution File, Format Version 10.00
# Visual Studio 2008
Project("{FAE04EC0-301F-11D3-BF4B-00C04F79EFBC}") = "HealthEducation", "HealthEduRec\HealthEducation.csproj", "{DDC48BE7-29AB-4FF6-9517-552E04B856AD}"
EndProject
Global
	GlobalSection(SolutionConfigurationPlatforms) = preSolution
		Debug|Any CPU = Debug|Any CPU
		Release|Any CPU = Release|Any CPU
	EndGlobalSection
	GlobalSection(ProjectConfigurationPlatforms) = postSolution
		{DDC48BE7-29AB-4FF6-9517-552E04B856AD}.Debug|Any CPU.ActiveCfg = Debug|Any CPU
		{DDC48BE7-29AB-4FF6-9517-552E04B856AD}.Debug|Any CPU.Build.0 = Debug|Any CPU
		{DDC48BE7-29AB-4FF6-9517-552E04B856AD}.Release|Any CPU.ActiveCfg = Release|Any CPU
		{DDC48BE7-29AB-4FF6-9517-552E04B856AD}.Release|Any CPU.Build.0 = Release|Any CPU
	EndGlobalSection
	GlobalSection(SolutionProperties) = preSolution
		HideSolutionNode = FALSE
	EndGlobalSection
EndGlobal
