
Microsoft Visual Studio Solution File, Format Version 11.00
# Visual Studio 2010
Project("{FAE04EC0-301F-11D3-BF4B-00C04F79EFBC}") = "UserManager", "UserManager\UserManager.csproj", "{118AB938-5D19-405F-97F8-135C324AECBB}"
EndProject
Global
	GlobalSection(SolutionConfigurationPlatforms) = preSolution
		Debug|Any CPU = Debug|Any CPU
		Release|Any CPU = Release|Any CPU
	EndGlobalSection
	GlobalSection(ProjectConfigurationPlatforms) = postSolution
		{118AB938-5D19-405F-97F8-135C324AECBB}.Debug|Any CPU.ActiveCfg = Debug|Any CPU
		{118AB938-5D19-405F-97F8-135C324AECBB}.Debug|Any CPU.Build.0 = Debug|Any CPU
		{118AB938-5D19-405F-97F8-135C324AECBB}.Release|Any CPU.ActiveCfg = Release|Any CPU
		{118AB938-5D19-405F-97F8-135C324AECBB}.Release|Any CPU.Build.0 = Release|Any CPU
	EndGlobalSection
	GlobalSection(SolutionProperties) = preSolution
		HideSolutionNode = FALSE
	EndGlobalSection
EndGlobal
