
Microsoft Visual Studio Solution File, Format Version 10.00
# Visual Studio 2008
Project("{FAE04EC0-301F-11D3-BF4B-00C04F79EFBC}") = "HospitalDbI", "HospitalDbI\HospitalDbI.csproj", "{95906399-3661-4CEC-AA22-DCADD0B02663}"
EndProject
Global
	GlobalSection(SolutionConfigurationPlatforms) = preSolution
		Debug|Any CPU = Debug|Any CPU
		Release|Any CPU = Release|Any CPU
	EndGlobalSection
	GlobalSection(ProjectConfigurationPlatforms) = postSolution
		{95906399-3661-4CEC-AA22-DCADD0B02663}.Debug|Any CPU.ActiveCfg = Debug|Any CPU
		{95906399-3661-4CEC-AA22-DCADD0B02663}.Debug|Any CPU.Build.0 = Debug|Any CPU
		{95906399-3661-4CEC-AA22-DCADD0B02663}.Release|Any CPU.ActiveCfg = Release|Any CPU
		{95906399-3661-4CEC-AA22-DCADD0B02663}.Release|Any CPU.Build.0 = Release|Any CPU
	EndGlobalSection
	GlobalSection(SolutionProperties) = preSolution
		HideSolutionNode = FALSE
	EndGlobalSection
EndGlobal
