
Microsoft Visual Studio Solution File, Format Version 11.00
# Visual Studio 2010
Project("{FAE04EC0-301F-11D3-BF4B-00C04F79EFBC}") = "HealthEducation", "HealthEduRec\HealthEduRec\HealthEducation.csproj", "{DDC48BE7-29AB-4FF6-9517-552E04B856AD}"
EndProject
Project("{FAE04EC0-301F-11D3-BF4B-00C04F79EFBC}") = "PatientInfo", "PatientInfo\PatientInfo\PatientInfo.csproj", "{01D5DCB6-0EC4-4AF3-A0C4-94996B2C4154}"
EndProject
Project("{FAE04EC0-301F-11D3-BF4B-00C04F79EFBC}") = "NursingSchedule", "NursingSchedule\NursingSchedule\NursingSchedule.csproj", "{B0202AFD-490D-46DD-A2A3-86392C6B77E6}"
EndProject
Project("{FAE04EC0-301F-11D3-BF4B-00C04F79EFBC}") = "NursingRecord", "NursingRecord\NursingRecord\NursingRecord.csproj", "{BA5041A0-DC29-4D10-9BFE-3F2F1082ED5B}"
EndProject
Project("{2150E333-8FDC-42A3-9474-1A3956D46DE8}") = "Common", "Common", "{DBA768E4-6B64-4A60-B6DB-360D3F29A1DD}"
EndProject
Project("{FAE04EC0-301F-11D3-BF4B-00C04F79EFBC}") = "Launcher", "Common\Launcher\Launcher\Launcher.csproj", "{F0AD2843-1391-4661-B382-237C3C85CE10}"
EndProject
Project("{FAE04EC0-301F-11D3-BF4B-00C04F79EFBC}") = "NursingRecordConfig", "NursingRecordConfig\NursingRecordConfig\NursingRecordConfig.csproj", "{80858E2B-028E-4F7D-B753-DD03488EE923}"
EndProject
Project("{FAE04EC0-301F-11D3-BF4B-00C04F79EFBC}") = "NursingConfigDbI", "NursingRecordConfig\NursingConfigDbI\NursingConfigDbI.csproj", "{E9083E73-9336-4954-A8A3-FFB4259918DE}"
EndProject
Project("{FAE04EC0-301F-11D3-BF4B-00C04F79EFBC}") = "EvaluationInp", "EvaluationInp\EvaluationInp\EvaluationInp.csproj", "{2DA51E2E-3253-4381-A9FB-4B2B54BF751D}"
EndProject
Project("{2150E333-8FDC-42A3-9474-1A3956D46DE8}") = "Interface", "Interface", "{753CBA96-8B62-4C24-9AF4-857EDE095779}"
EndProject
Project("{FAE04EC0-301F-11D3-BF4B-00C04F79EFBC}") = "HospitalDbI", "Interface\HospitalDbI\HospitalDbI\HospitalDbI.csproj", "{95906399-3661-4CEC-AA22-DCADD0B02663}"
EndProject
Project("{FAE04EC0-301F-11D3-BF4B-00C04F79EFBC}") = "AppManagerDbI", "Interface\AppManagerDbI\AppManagerDbI\AppManagerDbI.csproj", "{38B2A288-E7DC-4F26-A157-181D0695B48B}"
EndProject
Project("{FAE04EC0-301F-11D3-BF4B-00C04F79EFBC}") = "DbInfo", "Interface\DbInfo\DbInfo\DbInfo.csproj", "{907B8D71-4E77-45D4-BF9A-092C55C6F832}"
EndProject
Project("{FAE04EC0-301F-11D3-BF4B-00C04F79EFBC}") = "DictDbI", "Interface\DictDbI\DictDbI\DictDbI.csproj", "{48105C10-C90A-4C51-8B1A-FA8FBE552AE1}"
EndProject
Project("{FAE04EC0-301F-11D3-BF4B-00C04F79EFBC}") = "EvaluationDbI", "Interface\EvaluationDbI\EvaluationDbI\EvaluationDbI.csproj", "{8BEF338F-051C-452B-ABC0-3AE7C1C5B973}"
EndProject
Project("{FAE04EC0-301F-11D3-BF4B-00C04F79EFBC}") = "MsgTextDbI", "Interface\MsgTextDbI\MsgTextDbI\MsgTextDbI.csproj", "{D1167087-9010-4230-AA4D-23EF0C8FCF8F}"
EndProject
Project("{FAE04EC0-301F-11D3-BF4B-00C04F79EFBC}") = "NursingDbI", "Interface\NursingDbI\NursingDbI\NursingDbI.csproj", "{AD366602-7729-4F9E-9E8D-4EC84250E709}"
EndProject
Project("{FAE04EC0-301F-11D3-BF4B-00C04F79EFBC}") = "PatientDbI", "Interface\PatientDbI\PatientDbI\PatientDbI.csproj", "{23A734A1-D691-4F90-9771-E487575A7421}"
EndProject
Project("{FAE04EC0-301F-11D3-BF4B-00C04F79EFBC}") = "HISComm", "Common\HISComm\HISComm.csproj", "{97A2EC10-1708-4CB6-AC08-05B522EFB81A}"
EndProject
Project("{FAE04EC0-301F-11D3-BF4B-00C04F79EFBC}") = "HISGlobalVariant", "Common\HISGlobalVariant\HISGlobalVariant.csproj", "{9983AF34-922E-49F2-9BDA-E46E6D29A7BB}"
EndProject
Project("{FAE04EC0-301F-11D3-BF4B-00C04F79EFBC}") = "HISLogin", "HISLogin\HISLogin\HISLogin.csproj", "{B7BCA955-BACD-4D73-A19D-2E3C35E52C38}"
EndProject
Project("{FAE04EC0-301F-11D3-BF4B-00C04F79EFBC}") = "NursingReport", "NursingReport\NursingReport\NursingReport.csproj", "{F04D9347-E9B8-4DBE-BBCE-9BA43209C512}"
EndProject
Project("{FAE04EC0-301F-11D3-BF4B-00C04F79EFBC}") = "WristBandPrint", "WristBandPrint\WristBandPrint\WristBandPrint.csproj", "{ABD7D778-1F50-4677-986B-FD05DAA9A9DD}"
EndProject
Project("{FAE04EC0-301F-11D3-BF4B-00C04F79EFBC}") = "OrdersExecuteBill", "OrdersExecuteBill\OrdersExecuteBill\OrdersExecuteBill.csproj", "{DFE7AF2B-BB30-419A-91B9-F194D82D5842}"
EndProject
Project("{FAE04EC0-301F-11D3-BF4B-00C04F79EFBC}") = "OrdersExecuteQuery", "OrdersExecuteQuery\OrdersExecuteQuery\OrdersExecuteQuery.csproj", "{57F0946C-2972-4CE3-8B43-3CEB5427AE6C}"
EndProject
Project("{FAE04EC0-301F-11D3-BF4B-00C04F79EFBC}") = "OrdersSplit", "OrdersSplit\OrdersSplit\OrdersSplit.csproj", "{2AA4A199-89DA-44FE-88D6-1C3F37F48028}"
EndProject
Project("{FAE04EC0-301F-11D3-BF4B-00C04F79EFBC}") = "UserDbI", "Interface\UserDbI\UserDbI\UserDbI.csproj", "{D0617D85-8C60-41D4-B85B-7D860959687B}"
EndProject
Project("{FAE04EC0-301F-11D3-BF4B-00C04F79EFBC}") = "NursingRec", "NursingRec\NursingRec\NursingRec.csproj", "{D51B1D34-8249-4226-B2C2-0765F2790AD6}"
EndProject
Project("{FAE04EC0-301F-11D3-BF4B-00C04F79EFBC}") = "TextTemplateInput", "TextTemplateInput\TextTemplateInput\TextTemplateInput.csproj", "{3B6992AB-0A3D-4CF6-A1A6-49EAA6AD5B0E}"
EndProject
Project("{FAE04EC0-301F-11D3-BF4B-00C04F79EFBC}") = "ExcelAccess", "Common\ExcelAccess\ExcelAccess\ExcelAccess.csproj", "{690EE0F3-50B8-42E4-9BB2-14965EE82098}"
EndProject
Project("{FAE04EC0-301F-11D3-BF4B-00C04F79EFBC}") = "HISConfig", "Common\HISConfig\HISConfig\HISConfig.csproj", "{5BE3DEDE-FCC3-411B-8376-643783ED16F3}"
EndProject
Project("{FAE04EC0-301F-11D3-BF4B-00C04F79EFBC}") = "ApplicationManager", "ApplicationManager\ApplicationManager\ApplicationManager.csproj", "{C156C8A4-170A-4153-9B92-92DADF487C1B}"
EndProject
Project("{FAE04EC0-301F-11D3-BF4B-00C04F79EFBC}") = "WorkLoadStatics", "WorkLoadStatics\WorkLoadStatics\WorkLoadStatics.csproj", "{E271ADE6-E79E-4AA5-85C9-28D7431451B2}"
EndProject
Project("{FAE04EC0-301F-11D3-BF4B-00C04F79EFBC}") = "NursingItemManager", "NursingItemManager\NursingItemManager\NursingItemManager.csproj", "{AB87A885-0242-45D9-925E-69961FD89868}"
EndProject
Project("{FAE04EC0-301F-11D3-BF4B-00C04F79EFBC}") = "VitalSignRec_Ward", "VitalSignRec_Ward\VitalSignRec_Ward\VitalSignRec_Ward.csproj", "{E9591184-ECB0-44B2-AF13-CD039E79D407}"
EndProject
Project("{FAE04EC0-301F-11D3-BF4B-00C04F79EFBC}") = "NursingWorkArrange", "NursingWorkArrange\NursingWorkArrange\NursingWorkArrange.csproj", "{F312DE62-884C-4B50-962C-913D5C5E5906}"
EndProject
Project("{FAE04EC0-301F-11D3-BF4B-00C04F79EFBC}") = "HISNursing", "HISNursing\HISNursing.csproj", "{A6C19A8B-DE24-4B99-8B9F-786916414850}"
EndProject
Project("{FAE04EC0-301F-11D3-BF4B-00C04F79EFBC}") = "HISDictManager", "HISDictManager\HISDictManager\HISDictManager.csproj", "{1FEE49A8-D0D0-4BBF-9618-8DE0FE0D67DD}"
EndProject
Project("{FAE04EC0-301F-11D3-BF4B-00C04F79EFBC}") = "MsgManager", "MsgManager\MsgManager\MsgManager.csproj", "{01A94ED1-5C05-4318-884F-36907C0B82B0}"
EndProject
Project("{FAE04EC0-301F-11D3-BF4B-00C04F79EFBC}") = "UserManager", "UserManager\UserManager\UserManager.csproj", "{118AB938-5D19-405F-97F8-135C324AECBB}"
EndProject
Project("{FAE04EC0-301F-11D3-BF4B-00C04F79EFBC}") = "AllocationForms", "AllocationForms\AllocationForms.csproj", "{76FFC8A0-9A4A-41FA-BCD5-E811338E2A2C}"
EndProject
Project("{FAE04EC0-301F-11D3-BF4B-00C04F79EFBC}") = "CommonEntity", "CommonEntity\CommonEntity.csproj", "{4001D7EB-3FCE-4B67-BF50-783776D53F28}"
EndProject
Project("{FAE04EC0-301F-11D3-BF4B-00C04F79EFBC}") = "CommPrinter", "CommPrinter\CommPrinter.csproj", "{E2CCDAF9-ED37-42C2-9DC8-DEA54171CCA4}"
EndProject
Project("{FAE04EC0-301F-11D3-BF4B-00C04F79EFBC}") = "Encryption", "Encryption\Encryption.csproj", "{7E2447FD-755B-4D67-BE9A-0D6BC86084B0}"
EndProject
Project("{FAE04EC0-301F-11D3-BF4B-00C04F79EFBC}") = "AutoUpdate", "Common\AuotUpdate\AutoUpdate.csproj", "{650F80A4-7134-43E9-AB67-AA91EB556246}"
EndProject
Project("{FAE04EC0-301F-11D3-BF4B-00C04F79EFBC}") = "DeleteOldFile", "Common\DeleteOldFile\DeleteOldFile.csproj", "{66B387A3-137E-491F-A61F-899FFC17DB3C}"
EndProject
Project("{FAE04EC0-301F-11D3-BF4B-00C04F79EFBC}") = "GenerateFileList", "Common\GenerateFileList\GenerateFileList.csproj", "{C1EA3C14-4932-4FDB-BD38-6C686F73BA5F}"
EndProject
Project("{FAE04EC0-301F-11D3-BF4B-00C04F79EFBC}") = "BedSideCardPrint", "BedSideCardPrint\BedSideCardPrint.csproj", "{1BABABE1-4C6C-4F08-815E-9637B875E1C9}"
EndProject
Project("{FAE04EC0-301F-11D3-BF4B-00C04F79EFBC}") = "NursingTransferRecord", "NursingTransferRecord\NursingTransferRecord.csproj", "{91D44648-C86F-4600-A573-7CFFBCD0AAAF}"
EndProject
Project("{FAE04EC0-301F-11D3-BF4B-00C04F79EFBC}") = "SpecimentManagerNew", "SpecimentManagerNew\SpecimentManagerNew.csproj", "{27F36FE6-BBEF-4571-8BE2-88CF634C2FA4}"
EndProject
Project("{FAE04EC0-301F-11D3-BF4B-00C04F79EFBC}") = "DXApplication2", "DXApplication2\DXApplication2.csproj", "{B3A6B1BF-A02F-47FC-A015-E3BCE6B9C9CA}"
EndProject
Project("{FAE04EC0-301F-11D3-BF4B-00C04F79EFBC}") = "BodyTemperature", "BodyTemperature\BodyTemperature\BodyTemperature.csproj", "{7B8A7ED7-E116-48A5-A123-571CCA14AAB9}"
EndProject
Project("{FAE04EC0-301F-11D3-BF4B-00C04F79EFBC}") = "TemperatureBLL", "Temperature\TemperatureBLL\TemperatureBLL.csproj", "{4577DC14-7EF6-40F8-8F92-21F9E4A38D09}"
EndProject
Project("{FAE04EC0-301F-11D3-BF4B-00C04F79EFBC}") = "TemperatureDAL", "Temperature\TemperatureDAL\TemperatureDAL.csproj", "{7E9FEB83-4926-4BA1-AE66-07CF65E0609D}"
EndProject
Project("{2150E333-8FDC-42A3-9474-1A3956D46DE8}") = "Doc", "Doc", "{39AC22CA-ADE1-480D-A87E-1B5B093E2BAD}"
EndProject
Project("{FAE04EC0-301F-11D3-BF4B-00C04F79EFBC}") = "DocDAL", "DocDao\DocDAL.csproj", "{C8E6D49E-BC9B-4576-B0D7-BB4D16ED7F7A}"
EndProject
Project("{FAE04EC0-301F-11D3-BF4B-00C04F79EFBC}") = "DocModel", "DocModel\DocModel.csproj", "{EFD58193-1C05-4EE2-B18D-3A40E35AC071}"
EndProject
Project("{FAE04EC0-301F-11D3-BF4B-00C04F79EFBC}") = "DocSetting", "DocSetting\DocSetting.csproj", "{795F1358-AAC2-41F6-86C5-882E2C0A1F8D}"
EndProject
Project("{FAE04EC0-301F-11D3-BF4B-00C04F79EFBC}") = "DocumentDbI", "Interface\DocumentDbI\DocumentDbI.csproj", "{0A740F89-6BA1-4217-AF7D-22C7F051AF47}"
EndProject
Global
	GlobalSection(SolutionConfigurationPlatforms) = preSolution
		Debug|Any CPU = Debug|Any CPU
		Debug|Itanium = Debug|Itanium
		Debug|Mixed Platforms = Debug|Mixed Platforms
		Debug|x64 = Debug|x64
		Debug|x86 = Debug|x86
		Release|Any CPU = Release|Any CPU
		Release|Itanium = Release|Itanium
		Release|Mixed Platforms = Release|Mixed Platforms
		Release|x64 = Release|x64
		Release|x86 = Release|x86
	EndGlobalSection
	GlobalSection(ProjectConfigurationPlatforms) = postSolution
		{DDC48BE7-29AB-4FF6-9517-552E04B856AD}.Debug|Any CPU.ActiveCfg = Debug|Any CPU
		{DDC48BE7-29AB-4FF6-9517-552E04B856AD}.Debug|Any CPU.Build.0 = Debug|Any CPU
		{DDC48BE7-29AB-4FF6-9517-552E04B856AD}.Debug|Itanium.ActiveCfg = Debug|x86
		{DDC48BE7-29AB-4FF6-9517-552E04B856AD}.Debug|Mixed Platforms.ActiveCfg = Debug|Any CPU
		{DDC48BE7-29AB-4FF6-9517-552E04B856AD}.Debug|Mixed Platforms.Build.0 = Debug|Any CPU
		{DDC48BE7-29AB-4FF6-9517-552E04B856AD}.Debug|x64.ActiveCfg = Debug|x64
		{DDC48BE7-29AB-4FF6-9517-552E04B856AD}.Debug|x64.Build.0 = Debug|x64
		{DDC48BE7-29AB-4FF6-9517-552E04B856AD}.Debug|x86.ActiveCfg = Debug|x86
		{DDC48BE7-29AB-4FF6-9517-552E04B856AD}.Debug|x86.Build.0 = Debug|x86
		{DDC48BE7-29AB-4FF6-9517-552E04B856AD}.Release|Any CPU.ActiveCfg = Release|Any CPU
		{DDC48BE7-29AB-4FF6-9517-552E04B856AD}.Release|Any CPU.Build.0 = Release|Any CPU
		{DDC48BE7-29AB-4FF6-9517-552E04B856AD}.Release|Itanium.ActiveCfg = Release|x86
		{DDC48BE7-29AB-4FF6-9517-552E04B856AD}.Release|Mixed Platforms.ActiveCfg = Release|Any CPU
		{DDC48BE7-29AB-4FF6-9517-552E04B856AD}.Release|Mixed Platforms.Build.0 = Release|Any CPU
		{DDC48BE7-29AB-4FF6-9517-552E04B856AD}.Release|x64.ActiveCfg = Release|x64
		{DDC48BE7-29AB-4FF6-9517-552E04B856AD}.Release|x64.Build.0 = Release|x64
		{DDC48BE7-29AB-4FF6-9517-552E04B856AD}.Release|x86.ActiveCfg = Release|Any CPU
		{01D5DCB6-0EC4-4AF3-A0C4-94996B2C4154}.Debug|Any CPU.ActiveCfg = Debug|Any CPU
		{01D5DCB6-0EC4-4AF3-A0C4-94996B2C4154}.Debug|Any CPU.Build.0 = Debug|Any CPU
		{01D5DCB6-0EC4-4AF3-A0C4-94996B2C4154}.Debug|Itanium.ActiveCfg = Debug|x86
		{01D5DCB6-0EC4-4AF3-A0C4-94996B2C4154}.Debug|Mixed Platforms.ActiveCfg = Debug|Any CPU
		{01D5DCB6-0EC4-4AF3-A0C4-94996B2C4154}.Debug|Mixed Platforms.Build.0 = Debug|Any CPU
		{01D5DCB6-0EC4-4AF3-A0C4-94996B2C4154}.Debug|x64.ActiveCfg = Debug|x64
		{01D5DCB6-0EC4-4AF3-A0C4-94996B2C4154}.Debug|x64.Build.0 = Debug|x64
		{01D5DCB6-0EC4-4AF3-A0C4-94996B2C4154}.Debug|x86.ActiveCfg = Debug|x86
		{01D5DCB6-0EC4-4AF3-A0C4-94996B2C4154}.Debug|x86.Build.0 = Debug|x86
		{01D5DCB6-0EC4-4AF3-A0C4-94996B2C4154}.Release|Any CPU.ActiveCfg = Release|Any CPU
		{01D5DCB6-0EC4-4AF3-A0C4-94996B2C4154}.Release|Any CPU.Build.0 = Release|Any CPU
		{01D5DCB6-0EC4-4AF3-A0C4-94996B2C4154}.Release|Itanium.ActiveCfg = Release|x86
		{01D5DCB6-0EC4-4AF3-A0C4-94996B2C4154}.Release|Mixed Platforms.ActiveCfg = Release|Any CPU
		{01D5DCB6-0EC4-4AF3-A0C4-94996B2C4154}.Release|Mixed Platforms.Build.0 = Release|Any CPU
		{01D5DCB6-0EC4-4AF3-A0C4-94996B2C4154}.Release|x64.ActiveCfg = Release|x64
		{01D5DCB6-0EC4-4AF3-A0C4-94996B2C4154}.Release|x64.Build.0 = Release|x64
		{01D5DCB6-0EC4-4AF3-A0C4-94996B2C4154}.Release|x86.ActiveCfg = Release|Any CPU
		{B0202AFD-490D-46DD-A2A3-86392C6B77E6}.Debug|Any CPU.ActiveCfg = Debug|Any CPU
		{B0202AFD-490D-46DD-A2A3-86392C6B77E6}.Debug|Any CPU.Build.0 = Debug|Any CPU
		{B0202AFD-490D-46DD-A2A3-86392C6B77E6}.Debug|Itanium.ActiveCfg = Debug|x86
		{B0202AFD-490D-46DD-A2A3-86392C6B77E6}.Debug|Mixed Platforms.ActiveCfg = Debug|Any CPU
		{B0202AFD-490D-46DD-A2A3-86392C6B77E6}.Debug|Mixed Platforms.Build.0 = Debug|Any CPU
		{B0202AFD-490D-46DD-A2A3-86392C6B77E6}.Debug|x64.ActiveCfg = Debug|x64
		{B0202AFD-490D-46DD-A2A3-86392C6B77E6}.Debug|x64.Build.0 = Debug|x64
		{B0202AFD-490D-46DD-A2A3-86392C6B77E6}.Debug|x86.ActiveCfg = Debug|x86
		{B0202AFD-490D-46DD-A2A3-86392C6B77E6}.Debug|x86.Build.0 = Debug|x86
		{B0202AFD-490D-46DD-A2A3-86392C6B77E6}.Release|Any CPU.ActiveCfg = Release|Any CPU
		{B0202AFD-490D-46DD-A2A3-86392C6B77E6}.Release|Any CPU.Build.0 = Release|Any CPU
		{B0202AFD-490D-46DD-A2A3-86392C6B77E6}.Release|Itanium.ActiveCfg = Release|x86
		{B0202AFD-490D-46DD-A2A3-86392C6B77E6}.Release|Mixed Platforms.ActiveCfg = Release|Any CPU
		{B0202AFD-490D-46DD-A2A3-86392C6B77E6}.Release|Mixed Platforms.Build.0 = Release|Any CPU
		{B0202AFD-490D-46DD-A2A3-86392C6B77E6}.Release|x64.ActiveCfg = Release|x64
		{B0202AFD-490D-46DD-A2A3-86392C6B77E6}.Release|x64.Build.0 = Release|x64
		{B0202AFD-490D-46DD-A2A3-86392C6B77E6}.Release|x86.ActiveCfg = Release|Any CPU
		{BA5041A0-DC29-4D10-9BFE-3F2F1082ED5B}.Debug|Any CPU.ActiveCfg = Debug|Any CPU
		{BA5041A0-DC29-4D10-9BFE-3F2F1082ED5B}.Debug|Any CPU.Build.0 = Debug|Any CPU
		{BA5041A0-DC29-4D10-9BFE-3F2F1082ED5B}.Debug|Itanium.ActiveCfg = Debug|x86
		{BA5041A0-DC29-4D10-9BFE-3F2F1082ED5B}.Debug|Mixed Platforms.ActiveCfg = Debug|Any CPU
		{BA5041A0-DC29-4D10-9BFE-3F2F1082ED5B}.Debug|Mixed Platforms.Build.0 = Debug|Any CPU
		{BA5041A0-DC29-4D10-9BFE-3F2F1082ED5B}.Debug|x64.ActiveCfg = Debug|x64
		{BA5041A0-DC29-4D10-9BFE-3F2F1082ED5B}.Debug|x64.Build.0 = Debug|x64
		{BA5041A0-DC29-4D10-9BFE-3F2F1082ED5B}.Debug|x86.ActiveCfg = Debug|x86
		{BA5041A0-DC29-4D10-9BFE-3F2F1082ED5B}.Debug|x86.Build.0 = Debug|x86
		{BA5041A0-DC29-4D10-9BFE-3F2F1082ED5B}.Release|Any CPU.ActiveCfg = Release|Any CPU
		{BA5041A0-DC29-4D10-9BFE-3F2F1082ED5B}.Release|Any CPU.Build.0 = Release|Any CPU
		{BA5041A0-DC29-4D10-9BFE-3F2F1082ED5B}.Release|Itanium.ActiveCfg = Release|x86
		{BA5041A0-DC29-4D10-9BFE-3F2F1082ED5B}.Release|Mixed Platforms.ActiveCfg = Release|Any CPU
		{BA5041A0-DC29-4D10-9BFE-3F2F1082ED5B}.Release|Mixed Platforms.Build.0 = Release|Any CPU
		{BA5041A0-DC29-4D10-9BFE-3F2F1082ED5B}.Release|x64.ActiveCfg = Release|x64
		{BA5041A0-DC29-4D10-9BFE-3F2F1082ED5B}.Release|x64.Build.0 = Release|x64
		{BA5041A0-DC29-4D10-9BFE-3F2F1082ED5B}.Release|x86.ActiveCfg = Release|Any CPU
		{F0AD2843-1391-4661-B382-237C3C85CE10}.Debug|Any CPU.ActiveCfg = Debug|Any CPU
		{F0AD2843-1391-4661-B382-237C3C85CE10}.Debug|Any CPU.Build.0 = Debug|Any CPU
		{F0AD2843-1391-4661-B382-237C3C85CE10}.Debug|Itanium.ActiveCfg = Debug|x86
		{F0AD2843-1391-4661-B382-237C3C85CE10}.Debug|Mixed Platforms.ActiveCfg = Debug|Any CPU
		{F0AD2843-1391-4661-B382-237C3C85CE10}.Debug|Mixed Platforms.Build.0 = Debug|Any CPU
		{F0AD2843-1391-4661-B382-237C3C85CE10}.Debug|x64.ActiveCfg = Debug|x86
		{F0AD2843-1391-4661-B382-237C3C85CE10}.Debug|x86.ActiveCfg = Debug|x86
		{F0AD2843-1391-4661-B382-237C3C85CE10}.Debug|x86.Build.0 = Debug|x86
		{F0AD2843-1391-4661-B382-237C3C85CE10}.Release|Any CPU.ActiveCfg = Release|Any CPU
		{F0AD2843-1391-4661-B382-237C3C85CE10}.Release|Any CPU.Build.0 = Release|Any CPU
		{F0AD2843-1391-4661-B382-237C3C85CE10}.Release|Itanium.ActiveCfg = Release|x86
		{F0AD2843-1391-4661-B382-237C3C85CE10}.Release|Mixed Platforms.ActiveCfg = Release|Any CPU
		{F0AD2843-1391-4661-B382-237C3C85CE10}.Release|Mixed Platforms.Build.0 = Release|Any CPU
		{F0AD2843-1391-4661-B382-237C3C85CE10}.Release|x64.ActiveCfg = Release|x86
		{F0AD2843-1391-4661-B382-237C3C85CE10}.Release|x86.ActiveCfg = Release|Any CPU
		{80858E2B-028E-4F7D-B753-DD03488EE923}.Debug|Any CPU.ActiveCfg = Debug|Any CPU
		{80858E2B-028E-4F7D-B753-DD03488EE923}.Debug|Any CPU.Build.0 = Debug|Any CPU
		{80858E2B-028E-4F7D-B753-DD03488EE923}.Debug|Itanium.ActiveCfg = Debug|x86
		{80858E2B-028E-4F7D-B753-DD03488EE923}.Debug|Mixed Platforms.ActiveCfg = Debug|Any CPU
		{80858E2B-028E-4F7D-B753-DD03488EE923}.Debug|Mixed Platforms.Build.0 = Debug|Any CPU
		{80858E2B-028E-4F7D-B753-DD03488EE923}.Debug|x64.ActiveCfg = Debug|x64
		{80858E2B-028E-4F7D-B753-DD03488EE923}.Debug|x64.Build.0 = Debug|x64
		{80858E2B-028E-4F7D-B753-DD03488EE923}.Debug|x86.ActiveCfg = Debug|x86
		{80858E2B-028E-4F7D-B753-DD03488EE923}.Debug|x86.Build.0 = Debug|x86
		{80858E2B-028E-4F7D-B753-DD03488EE923}.Release|Any CPU.ActiveCfg = Release|Any CPU
		{80858E2B-028E-4F7D-B753-DD03488EE923}.Release|Any CPU.Build.0 = Release|Any CPU
		{80858E2B-028E-4F7D-B753-DD03488EE923}.Release|Itanium.ActiveCfg = Release|x86
		{80858E2B-028E-4F7D-B753-DD03488EE923}.Release|Mixed Platforms.ActiveCfg = Release|Any CPU
		{80858E2B-028E-4F7D-B753-DD03488EE923}.Release|Mixed Platforms.Build.0 = Release|Any CPU
		{80858E2B-028E-4F7D-B753-DD03488EE923}.Release|x64.ActiveCfg = Release|x64
		{80858E2B-028E-4F7D-B753-DD03488EE923}.Release|x64.Build.0 = Release|x64
		{80858E2B-028E-4F7D-B753-DD03488EE923}.Release|x86.ActiveCfg = Release|Any CPU
		{E9083E73-9336-4954-A8A3-FFB4259918DE}.Debug|Any CPU.ActiveCfg = Debug|Any CPU
		{E9083E73-9336-4954-A8A3-FFB4259918DE}.Debug|Any CPU.Build.0 = Debug|Any CPU
		{E9083E73-9336-4954-A8A3-FFB4259918DE}.Debug|Itanium.ActiveCfg = Debug|x86
		{E9083E73-9336-4954-A8A3-FFB4259918DE}.Debug|Mixed Platforms.ActiveCfg = Debug|Any CPU
		{E9083E73-9336-4954-A8A3-FFB4259918DE}.Debug|Mixed Platforms.Build.0 = Debug|Any CPU
		{E9083E73-9336-4954-A8A3-FFB4259918DE}.Debug|x64.ActiveCfg = Debug|x64
		{E9083E73-9336-4954-A8A3-FFB4259918DE}.Debug|x64.Build.0 = Debug|x64
		{E9083E73-9336-4954-A8A3-FFB4259918DE}.Debug|x86.ActiveCfg = Debug|x86
		{E9083E73-9336-4954-A8A3-FFB4259918DE}.Debug|x86.Build.0 = Debug|x86
		{E9083E73-9336-4954-A8A3-FFB4259918DE}.Release|Any CPU.ActiveCfg = Release|Any CPU
		{E9083E73-9336-4954-A8A3-FFB4259918DE}.Release|Any CPU.Build.0 = Release|Any CPU
		{E9083E73-9336-4954-A8A3-FFB4259918DE}.Release|Itanium.ActiveCfg = Release|x86
		{E9083E73-9336-4954-A8A3-FFB4259918DE}.Release|Mixed Platforms.ActiveCfg = Release|Any CPU
		{E9083E73-9336-4954-A8A3-FFB4259918DE}.Release|Mixed Platforms.Build.0 = Release|Any CPU
		{E9083E73-9336-4954-A8A3-FFB4259918DE}.Release|x64.ActiveCfg = Release|x64
		{E9083E73-9336-4954-A8A3-FFB4259918DE}.Release|x64.Build.0 = Release|x64
		{E9083E73-9336-4954-A8A3-FFB4259918DE}.Release|x86.ActiveCfg = Release|Any CPU
		{2DA51E2E-3253-4381-A9FB-4B2B54BF751D}.Debug|Any CPU.ActiveCfg = Debug|Any CPU
		{2DA51E2E-3253-4381-A9FB-4B2B54BF751D}.Debug|Any CPU.Build.0 = Debug|Any CPU
		{2DA51E2E-3253-4381-A9FB-4B2B54BF751D}.Debug|Itanium.ActiveCfg = Debug|x86
		{2DA51E2E-3253-4381-A9FB-4B2B54BF751D}.Debug|Mixed Platforms.ActiveCfg = Debug|Any CPU
		{2DA51E2E-3253-4381-A9FB-4B2B54BF751D}.Debug|Mixed Platforms.Build.0 = Debug|Any CPU
		{2DA51E2E-3253-4381-A9FB-4B2B54BF751D}.Debug|x64.ActiveCfg = Debug|x64
		{2DA51E2E-3253-4381-A9FB-4B2B54BF751D}.Debug|x64.Build.0 = Debug|x64
		{2DA51E2E-3253-4381-A9FB-4B2B54BF751D}.Debug|x86.ActiveCfg = Debug|x86
		{2DA51E2E-3253-4381-A9FB-4B2B54BF751D}.Debug|x86.Build.0 = Debug|x86
		{2DA51E2E-3253-4381-A9FB-4B2B54BF751D}.Release|Any CPU.ActiveCfg = Release|Any CPU
		{2DA51E2E-3253-4381-A9FB-4B2B54BF751D}.Release|Any CPU.Build.0 = Release|Any CPU
		{2DA51E2E-3253-4381-A9FB-4B2B54BF751D}.Release|Itanium.ActiveCfg = Release|x86
		{2DA51E2E-3253-4381-A9FB-4B2B54BF751D}.Release|Mixed Platforms.ActiveCfg = Release|Any CPU
		{2DA51E2E-3253-4381-A9FB-4B2B54BF751D}.Release|Mixed Platforms.Build.0 = Release|Any CPU
		{2DA51E2E-3253-4381-A9FB-4B2B54BF751D}.Release|x64.ActiveCfg = Release|x64
		{2DA51E2E-3253-4381-A9FB-4B2B54BF751D}.Release|x64.Build.0 = Release|x64
		{2DA51E2E-3253-4381-A9FB-4B2B54BF751D}.Release|x86.ActiveCfg = Release|Any CPU
		{95906399-3661-4CEC-AA22-DCADD0B02663}.Debug|Any CPU.ActiveCfg = Debug|Any CPU
		{95906399-3661-4CEC-AA22-DCADD0B02663}.Debug|Any CPU.Build.0 = Debug|Any CPU
		{95906399-3661-4CEC-AA22-DCADD0B02663}.Debug|Itanium.ActiveCfg = Debug|x86
		{95906399-3661-4CEC-AA22-DCADD0B02663}.Debug|Mixed Platforms.ActiveCfg = Debug|Any CPU
		{95906399-3661-4CEC-AA22-DCADD0B02663}.Debug|Mixed Platforms.Build.0 = Debug|Any CPU
		{95906399-3661-4CEC-AA22-DCADD0B02663}.Debug|x64.ActiveCfg = Debug|x64
		{95906399-3661-4CEC-AA22-DCADD0B02663}.Debug|x64.Build.0 = Debug|x64
		{95906399-3661-4CEC-AA22-DCADD0B02663}.Debug|x86.ActiveCfg = Debug|x86
		{95906399-3661-4CEC-AA22-DCADD0B02663}.Debug|x86.Build.0 = Debug|x86
		{95906399-3661-4CEC-AA22-DCADD0B02663}.Release|Any CPU.ActiveCfg = Release|Any CPU
		{95906399-3661-4CEC-AA22-DCADD0B02663}.Release|Any CPU.Build.0 = Release|Any CPU
		{95906399-3661-4CEC-AA22-DCADD0B02663}.Release|Itanium.ActiveCfg = Release|x86
		{95906399-3661-4CEC-AA22-DCADD0B02663}.Release|Mixed Platforms.ActiveCfg = Release|Any CPU
		{95906399-3661-4CEC-AA22-DCADD0B02663}.Release|Mixed Platforms.Build.0 = Release|Any CPU
		{95906399-3661-4CEC-AA22-DCADD0B02663}.Release|x64.ActiveCfg = Release|x64
		{95906399-3661-4CEC-AA22-DCADD0B02663}.Release|x64.Build.0 = Release|x64
		{95906399-3661-4CEC-AA22-DCADD0B02663}.Release|x86.ActiveCfg = Release|Any CPU
		{38B2A288-E7DC-4F26-A157-181D0695B48B}.Debug|Any CPU.ActiveCfg = Debug|Any CPU
		{38B2A288-E7DC-4F26-A157-181D0695B48B}.Debug|Any CPU.Build.0 = Debug|Any CPU
		{38B2A288-E7DC-4F26-A157-181D0695B48B}.Debug|Itanium.ActiveCfg = Debug|x64
		{38B2A288-E7DC-4F26-A157-181D0695B48B}.Debug|Mixed Platforms.ActiveCfg = Debug|Any CPU
		{38B2A288-E7DC-4F26-A157-181D0695B48B}.Debug|Mixed Platforms.Build.0 = Debug|Any CPU
		{38B2A288-E7DC-4F26-A157-181D0695B48B}.Debug|x64.ActiveCfg = Debug|x64
		{38B2A288-E7DC-4F26-A157-181D0695B48B}.Debug|x64.Build.0 = Debug|x64
		{38B2A288-E7DC-4F26-A157-181D0695B48B}.Debug|x86.ActiveCfg = Debug|x86
		{38B2A288-E7DC-4F26-A157-181D0695B48B}.Debug|x86.Build.0 = Debug|x86
		{38B2A288-E7DC-4F26-A157-181D0695B48B}.Release|Any CPU.ActiveCfg = Release|Any CPU
		{38B2A288-E7DC-4F26-A157-181D0695B48B}.Release|Any CPU.Build.0 = Release|Any CPU
		{38B2A288-E7DC-4F26-A157-181D0695B48B}.Release|Itanium.ActiveCfg = Release|x64
		{38B2A288-E7DC-4F26-A157-181D0695B48B}.Release|Mixed Platforms.ActiveCfg = Release|Any CPU
		{38B2A288-E7DC-4F26-A157-181D0695B48B}.Release|Mixed Platforms.Build.0 = Release|Any CPU
		{38B2A288-E7DC-4F26-A157-181D0695B48B}.Release|x64.ActiveCfg = Release|x64
		{38B2A288-E7DC-4F26-A157-181D0695B48B}.Release|x64.Build.0 = Release|x64
		{38B2A288-E7DC-4F26-A157-181D0695B48B}.Release|x86.ActiveCfg = Release|Any CPU
		{907B8D71-4E77-45D4-BF9A-092C55C6F832}.Debug|Any CPU.ActiveCfg = Debug|Any CPU
		{907B8D71-4E77-45D4-BF9A-092C55C6F832}.Debug|Any CPU.Build.0 = Debug|Any CPU
		{907B8D71-4E77-45D4-BF9A-092C55C6F832}.Debug|Itanium.ActiveCfg = Debug|x86
		{907B8D71-4E77-45D4-BF9A-092C55C6F832}.Debug|Mixed Platforms.ActiveCfg = Debug|Any CPU
		{907B8D71-4E77-45D4-BF9A-092C55C6F832}.Debug|Mixed Platforms.Build.0 = Debug|Any CPU
		{907B8D71-4E77-45D4-BF9A-092C55C6F832}.Debug|x64.ActiveCfg = Debug|x64
		{907B8D71-4E77-45D4-BF9A-092C55C6F832}.Debug|x64.Build.0 = Debug|x64
		{907B8D71-4E77-45D4-BF9A-092C55C6F832}.Debug|x86.ActiveCfg = Debug|x86
		{907B8D71-4E77-45D4-BF9A-092C55C6F832}.Debug|x86.Build.0 = Debug|x86
		{907B8D71-4E77-45D4-BF9A-092C55C6F832}.Release|Any CPU.ActiveCfg = Release|Any CPU
		{907B8D71-4E77-45D4-BF9A-092C55C6F832}.Release|Any CPU.Build.0 = Release|Any CPU
		{907B8D71-4E77-45D4-BF9A-092C55C6F832}.Release|Itanium.ActiveCfg = Release|x86
		{907B8D71-4E77-45D4-BF9A-092C55C6F832}.Release|Mixed Platforms.ActiveCfg = Release|Any CPU
		{907B8D71-4E77-45D4-BF9A-092C55C6F832}.Release|Mixed Platforms.Build.0 = Release|Any CPU
		{907B8D71-4E77-45D4-BF9A-092C55C6F832}.Release|x64.ActiveCfg = Release|x64
		{907B8D71-4E77-45D4-BF9A-092C55C6F832}.Release|x64.Build.0 = Release|x64
		{907B8D71-4E77-45D4-BF9A-092C55C6F832}.Release|x86.ActiveCfg = Release|Any CPU
		{48105C10-C90A-4C51-8B1A-FA8FBE552AE1}.Debug|Any CPU.ActiveCfg = Debug|Any CPU
		{48105C10-C90A-4C51-8B1A-FA8FBE552AE1}.Debug|Any CPU.Build.0 = Debug|Any CPU
		{48105C10-C90A-4C51-8B1A-FA8FBE552AE1}.Debug|Itanium.ActiveCfg = Debug|x86
		{48105C10-C90A-4C51-8B1A-FA8FBE552AE1}.Debug|Mixed Platforms.ActiveCfg = Debug|Any CPU
		{48105C10-C90A-4C51-8B1A-FA8FBE552AE1}.Debug|Mixed Platforms.Build.0 = Debug|Any CPU
		{48105C10-C90A-4C51-8B1A-FA8FBE552AE1}.Debug|x64.ActiveCfg = Debug|x64
		{48105C10-C90A-4C51-8B1A-FA8FBE552AE1}.Debug|x64.Build.0 = Debug|x64
		{48105C10-C90A-4C51-8B1A-FA8FBE552AE1}.Debug|x86.ActiveCfg = Debug|x86
		{48105C10-C90A-4C51-8B1A-FA8FBE552AE1}.Debug|x86.Build.0 = Debug|x86
		{48105C10-C90A-4C51-8B1A-FA8FBE552AE1}.Release|Any CPU.ActiveCfg = Release|Any CPU
		{48105C10-C90A-4C51-8B1A-FA8FBE552AE1}.Release|Any CPU.Build.0 = Release|Any CPU
		{48105C10-C90A-4C51-8B1A-FA8FBE552AE1}.Release|Itanium.ActiveCfg = Release|x86
		{48105C10-C90A-4C51-8B1A-FA8FBE552AE1}.Release|Mixed Platforms.ActiveCfg = Release|Any CPU
		{48105C10-C90A-4C51-8B1A-FA8FBE552AE1}.Release|Mixed Platforms.Build.0 = Release|Any CPU
		{48105C10-C90A-4C51-8B1A-FA8FBE552AE1}.Release|x64.ActiveCfg = Release|x64
		{48105C10-C90A-4C51-8B1A-FA8FBE552AE1}.Release|x64.Build.0 = Release|x64
		{48105C10-C90A-4C51-8B1A-FA8FBE552AE1}.Release|x86.ActiveCfg = Release|Any CPU
		{8BEF338F-051C-452B-ABC0-3AE7C1C5B973}.Debug|Any CPU.ActiveCfg = Debug|Any CPU
		{8BEF338F-051C-452B-ABC0-3AE7C1C5B973}.Debug|Any CPU.Build.0 = Debug|Any CPU
		{8BEF338F-051C-452B-ABC0-3AE7C1C5B973}.Debug|Itanium.ActiveCfg = Debug|x86
		{8BEF338F-051C-452B-ABC0-3AE7C1C5B973}.Debug|Mixed Platforms.ActiveCfg = Debug|Any CPU
		{8BEF338F-051C-452B-ABC0-3AE7C1C5B973}.Debug|Mixed Platforms.Build.0 = Debug|Any CPU
		{8BEF338F-051C-452B-ABC0-3AE7C1C5B973}.Debug|x64.ActiveCfg = Debug|x64
		{8BEF338F-051C-452B-ABC0-3AE7C1C5B973}.Debug|x64.Build.0 = Debug|x64
		{8BEF338F-051C-452B-ABC0-3AE7C1C5B973}.Debug|x86.ActiveCfg = Debug|x86
		{8BEF338F-051C-452B-ABC0-3AE7C1C5B973}.Debug|x86.Build.0 = Debug|x86
		{8BEF338F-051C-452B-ABC0-3AE7C1C5B973}.Release|Any CPU.ActiveCfg = Release|Any CPU
		{8BEF338F-051C-452B-ABC0-3AE7C1C5B973}.Release|Any CPU.Build.0 = Release|Any CPU
		{8BEF338F-051C-452B-ABC0-3AE7C1C5B973}.Release|Itanium.ActiveCfg = Release|x86
		{8BEF338F-051C-452B-ABC0-3AE7C1C5B973}.Release|Mixed Platforms.ActiveCfg = Release|Any CPU
		{8BEF338F-051C-452B-ABC0-3AE7C1C5B973}.Release|Mixed Platforms.Build.0 = Release|Any CPU
		{8BEF338F-051C-452B-ABC0-3AE7C1C5B973}.Release|x64.ActiveCfg = Release|x64
		{8BEF338F-051C-452B-ABC0-3AE7C1C5B973}.Release|x64.Build.0 = Release|x64
		{8BEF338F-051C-452B-ABC0-3AE7C1C5B973}.Release|x86.ActiveCfg = Release|Any CPU
		{D1167087-9010-4230-AA4D-23EF0C8FCF8F}.Debug|Any CPU.ActiveCfg = Debug|Any CPU
		{D1167087-9010-4230-AA4D-23EF0C8FCF8F}.Debug|Any CPU.Build.0 = Debug|Any CPU
		{D1167087-9010-4230-AA4D-23EF0C8FCF8F}.Debug|Itanium.ActiveCfg = Debug|x86
		{D1167087-9010-4230-AA4D-23EF0C8FCF8F}.Debug|Mixed Platforms.ActiveCfg = Debug|Any CPU
		{D1167087-9010-4230-AA4D-23EF0C8FCF8F}.Debug|Mixed Platforms.Build.0 = Debug|Any CPU
		{D1167087-9010-4230-AA4D-23EF0C8FCF8F}.Debug|x64.ActiveCfg = Debug|x64
		{D1167087-9010-4230-AA4D-23EF0C8FCF8F}.Debug|x64.Build.0 = Debug|x64
		{D1167087-9010-4230-AA4D-23EF0C8FCF8F}.Debug|x86.ActiveCfg = Debug|x86
		{D1167087-9010-4230-AA4D-23EF0C8FCF8F}.Debug|x86.Build.0 = Debug|x86
		{D1167087-9010-4230-AA4D-23EF0C8FCF8F}.Release|Any CPU.ActiveCfg = Release|Any CPU
		{D1167087-9010-4230-AA4D-23EF0C8FCF8F}.Release|Any CPU.Build.0 = Release|Any CPU
		{D1167087-9010-4230-AA4D-23EF0C8FCF8F}.Release|Itanium.ActiveCfg = Release|x86
		{D1167087-9010-4230-AA4D-23EF0C8FCF8F}.Release|Mixed Platforms.ActiveCfg = Release|Any CPU
		{D1167087-9010-4230-AA4D-23EF0C8FCF8F}.Release|Mixed Platforms.Build.0 = Release|Any CPU
		{D1167087-9010-4230-AA4D-23EF0C8FCF8F}.Release|x64.ActiveCfg = Release|x64
		{D1167087-9010-4230-AA4D-23EF0C8FCF8F}.Release|x64.Build.0 = Release|x64
		{D1167087-9010-4230-AA4D-23EF0C8FCF8F}.Release|x86.ActiveCfg = Release|Any CPU
		{AD366602-7729-4F9E-9E8D-4EC84250E709}.Debug|Any CPU.ActiveCfg = Debug|Any CPU
		{AD366602-7729-4F9E-9E8D-4EC84250E709}.Debug|Any CPU.Build.0 = Debug|Any CPU
		{AD366602-7729-4F9E-9E8D-4EC84250E709}.Debug|Itanium.ActiveCfg = Debug|x86
		{AD366602-7729-4F9E-9E8D-4EC84250E709}.Debug|Mixed Platforms.ActiveCfg = Debug|Any CPU
		{AD366602-7729-4F9E-9E8D-4EC84250E709}.Debug|Mixed Platforms.Build.0 = Debug|Any CPU
		{AD366602-7729-4F9E-9E8D-4EC84250E709}.Debug|x64.ActiveCfg = Debug|x64
		{AD366602-7729-4F9E-9E8D-4EC84250E709}.Debug|x64.Build.0 = Debug|x64
		{AD366602-7729-4F9E-9E8D-4EC84250E709}.Debug|x86.ActiveCfg = Debug|x86
		{AD366602-7729-4F9E-9E8D-4EC84250E709}.Debug|x86.Build.0 = Debug|x86
		{AD366602-7729-4F9E-9E8D-4EC84250E709}.Release|Any CPU.ActiveCfg = Release|Any CPU
		{AD366602-7729-4F9E-9E8D-4EC84250E709}.Release|Any CPU.Build.0 = Release|Any CPU
		{AD366602-7729-4F9E-9E8D-4EC84250E709}.Release|Itanium.ActiveCfg = Release|x86
		{AD366602-7729-4F9E-9E8D-4EC84250E709}.Release|Mixed Platforms.ActiveCfg = Release|Any CPU
		{AD366602-7729-4F9E-9E8D-4EC84250E709}.Release|Mixed Platforms.Build.0 = Release|Any CPU
		{AD366602-7729-4F9E-9E8D-4EC84250E709}.Release|x64.ActiveCfg = Release|x64
		{AD366602-7729-4F9E-9E8D-4EC84250E709}.Release|x64.Build.0 = Release|x64
		{AD366602-7729-4F9E-9E8D-4EC84250E709}.Release|x86.ActiveCfg = Release|Any CPU
		{23A734A1-D691-4F90-9771-E487575A7421}.Debug|Any CPU.ActiveCfg = Debug|Any CPU
		{23A734A1-D691-4F90-9771-E487575A7421}.Debug|Any CPU.Build.0 = Debug|Any CPU
		{23A734A1-D691-4F90-9771-E487575A7421}.Debug|Itanium.ActiveCfg = Debug|x86
		{23A734A1-D691-4F90-9771-E487575A7421}.Debug|Mixed Platforms.ActiveCfg = Debug|Any CPU
		{23A734A1-D691-4F90-9771-E487575A7421}.Debug|Mixed Platforms.Build.0 = Debug|Any CPU
		{23A734A1-D691-4F90-9771-E487575A7421}.Debug|x64.ActiveCfg = Debug|x64
		{23A734A1-D691-4F90-9771-E487575A7421}.Debug|x64.Build.0 = Debug|x64
		{23A734A1-D691-4F90-9771-E487575A7421}.Debug|x86.ActiveCfg = Debug|x86
		{23A734A1-D691-4F90-9771-E487575A7421}.Debug|x86.Build.0 = Debug|x86
		{23A734A1-D691-4F90-9771-E487575A7421}.Release|Any CPU.ActiveCfg = Release|Any CPU
		{23A734A1-D691-4F90-9771-E487575A7421}.Release|Any CPU.Build.0 = Release|Any CPU
		{23A734A1-D691-4F90-9771-E487575A7421}.Release|Itanium.ActiveCfg = Release|x86
		{23A734A1-D691-4F90-9771-E487575A7421}.Release|Mixed Platforms.ActiveCfg = Release|Any CPU
		{23A734A1-D691-4F90-9771-E487575A7421}.Release|Mixed Platforms.Build.0 = Release|Any CPU
		{23A734A1-D691-4F90-9771-E487575A7421}.Release|x64.ActiveCfg = Release|x64
		{23A734A1-D691-4F90-9771-E487575A7421}.Release|x64.Build.0 = Release|x64
		{23A734A1-D691-4F90-9771-E487575A7421}.Release|x86.ActiveCfg = Release|Any CPU
		{97A2EC10-1708-4CB6-AC08-05B522EFB81A}.Debug|Any CPU.ActiveCfg = Debug|Any CPU
		{97A2EC10-1708-4CB6-AC08-05B522EFB81A}.Debug|Any CPU.Build.0 = Debug|Any CPU
		{97A2EC10-1708-4CB6-AC08-05B522EFB81A}.Debug|Itanium.ActiveCfg = Debug|x86
		{97A2EC10-1708-4CB6-AC08-05B522EFB81A}.Debug|Mixed Platforms.ActiveCfg = Debug|Any CPU
		{97A2EC10-1708-4CB6-AC08-05B522EFB81A}.Debug|Mixed Platforms.Build.0 = Debug|Any CPU
		{97A2EC10-1708-4CB6-AC08-05B522EFB81A}.Debug|x64.ActiveCfg = Debug|x64
		{97A2EC10-1708-4CB6-AC08-05B522EFB81A}.Debug|x64.Build.0 = Debug|x64
		{97A2EC10-1708-4CB6-AC08-05B522EFB81A}.Debug|x86.ActiveCfg = Debug|x86
		{97A2EC10-1708-4CB6-AC08-05B522EFB81A}.Debug|x86.Build.0 = Debug|x86
		{97A2EC10-1708-4CB6-AC08-05B522EFB81A}.Release|Any CPU.ActiveCfg = Release|Any CPU
		{97A2EC10-1708-4CB6-AC08-05B522EFB81A}.Release|Any CPU.Build.0 = Release|Any CPU
		{97A2EC10-1708-4CB6-AC08-05B522EFB81A}.Release|Itanium.ActiveCfg = Release|x86
		{97A2EC10-1708-4CB6-AC08-05B522EFB81A}.Release|Mixed Platforms.ActiveCfg = Release|Any CPU
		{97A2EC10-1708-4CB6-AC08-05B522EFB81A}.Release|Mixed Platforms.Build.0 = Release|Any CPU
		{97A2EC10-1708-4CB6-AC08-05B522EFB81A}.Release|x64.ActiveCfg = Release|x64
		{97A2EC10-1708-4CB6-AC08-05B522EFB81A}.Release|x64.Build.0 = Release|x64
		{97A2EC10-1708-4CB6-AC08-05B522EFB81A}.Release|x86.ActiveCfg = Release|Any CPU
		{9983AF34-922E-49F2-9BDA-E46E6D29A7BB}.Debug|Any CPU.ActiveCfg = Debug|Any CPU
		{9983AF34-922E-49F2-9BDA-E46E6D29A7BB}.Debug|Any CPU.Build.0 = Debug|Any CPU
		{9983AF34-922E-49F2-9BDA-E46E6D29A7BB}.Debug|Itanium.ActiveCfg = Debug|x86
		{9983AF34-922E-49F2-9BDA-E46E6D29A7BB}.Debug|Mixed Platforms.ActiveCfg = Debug|Any CPU
		{9983AF34-922E-49F2-9BDA-E46E6D29A7BB}.Debug|Mixed Platforms.Build.0 = Debug|Any CPU
		{9983AF34-922E-49F2-9BDA-E46E6D29A7BB}.Debug|x64.ActiveCfg = Debug|x64
		{9983AF34-922E-49F2-9BDA-E46E6D29A7BB}.Debug|x64.Build.0 = Debug|x64
		{9983AF34-922E-49F2-9BDA-E46E6D29A7BB}.Debug|x86.ActiveCfg = Debug|x86
		{9983AF34-922E-49F2-9BDA-E46E6D29A7BB}.Debug|x86.Build.0 = Debug|x86
		{9983AF34-922E-49F2-9BDA-E46E6D29A7BB}.Release|Any CPU.ActiveCfg = Release|Any CPU
		{9983AF34-922E-49F2-9BDA-E46E6D29A7BB}.Release|Any CPU.Build.0 = Release|Any CPU
		{9983AF34-922E-49F2-9BDA-E46E6D29A7BB}.Release|Itanium.ActiveCfg = Release|x86
		{9983AF34-922E-49F2-9BDA-E46E6D29A7BB}.Release|Mixed Platforms.ActiveCfg = Release|Any CPU
		{9983AF34-922E-49F2-9BDA-E46E6D29A7BB}.Release|Mixed Platforms.Build.0 = Release|Any CPU
		{9983AF34-922E-49F2-9BDA-E46E6D29A7BB}.Release|x64.ActiveCfg = Release|x64
		{9983AF34-922E-49F2-9BDA-E46E6D29A7BB}.Release|x64.Build.0 = Release|x64
		{9983AF34-922E-49F2-9BDA-E46E6D29A7BB}.Release|x86.ActiveCfg = Release|Any CPU
		{B7BCA955-BACD-4D73-A19D-2E3C35E52C38}.Debug|Any CPU.ActiveCfg = Debug|Any CPU
		{B7BCA955-BACD-4D73-A19D-2E3C35E52C38}.Debug|Any CPU.Build.0 = Debug|Any CPU
		{B7BCA955-BACD-4D73-A19D-2E3C35E52C38}.Debug|Itanium.ActiveCfg = Debug|x86
		{B7BCA955-BACD-4D73-A19D-2E3C35E52C38}.Debug|Mixed Platforms.ActiveCfg = Debug|Any CPU
		{B7BCA955-BACD-4D73-A19D-2E3C35E52C38}.Debug|Mixed Platforms.Build.0 = Debug|Any CPU
		{B7BCA955-BACD-4D73-A19D-2E3C35E52C38}.Debug|x64.ActiveCfg = Debug|x64
		{B7BCA955-BACD-4D73-A19D-2E3C35E52C38}.Debug|x64.Build.0 = Debug|x64
		{B7BCA955-BACD-4D73-A19D-2E3C35E52C38}.Debug|x86.ActiveCfg = Debug|x86
		{B7BCA955-BACD-4D73-A19D-2E3C35E52C38}.Debug|x86.Build.0 = Debug|x86
		{B7BCA955-BACD-4D73-A19D-2E3C35E52C38}.Release|Any CPU.ActiveCfg = Release|Any CPU
		{B7BCA955-BACD-4D73-A19D-2E3C35E52C38}.Release|Any CPU.Build.0 = Release|Any CPU
		{B7BCA955-BACD-4D73-A19D-2E3C35E52C38}.Release|Itanium.ActiveCfg = Release|x86
		{B7BCA955-BACD-4D73-A19D-2E3C35E52C38}.Release|Mixed Platforms.ActiveCfg = Release|Any CPU
		{B7BCA955-BACD-4D73-A19D-2E3C35E52C38}.Release|Mixed Platforms.Build.0 = Release|Any CPU
		{B7BCA955-BACD-4D73-A19D-2E3C35E52C38}.Release|x64.ActiveCfg = Release|x64
		{B7BCA955-BACD-4D73-A19D-2E3C35E52C38}.Release|x64.Build.0 = Release|x64
		{B7BCA955-BACD-4D73-A19D-2E3C35E52C38}.Release|x86.ActiveCfg = Release|Any CPU
		{F04D9347-E9B8-4DBE-BBCE-9BA43209C512}.Debug|Any CPU.ActiveCfg = Debug|Any CPU
		{F04D9347-E9B8-4DBE-BBCE-9BA43209C512}.Debug|Any CPU.Build.0 = Debug|Any CPU
		{F04D9347-E9B8-4DBE-BBCE-9BA43209C512}.Debug|Itanium.ActiveCfg = Debug|x86
		{F04D9347-E9B8-4DBE-BBCE-9BA43209C512}.Debug|Mixed Platforms.ActiveCfg = Debug|Any CPU
		{F04D9347-E9B8-4DBE-BBCE-9BA43209C512}.Debug|Mixed Platforms.Build.0 = Debug|Any CPU
		{F04D9347-E9B8-4DBE-BBCE-9BA43209C512}.Debug|x64.ActiveCfg = Debug|x64
		{F04D9347-E9B8-4DBE-BBCE-9BA43209C512}.Debug|x64.Build.0 = Debug|x64
		{F04D9347-E9B8-4DBE-BBCE-9BA43209C512}.Debug|x86.ActiveCfg = Debug|x86
		{F04D9347-E9B8-4DBE-BBCE-9BA43209C512}.Debug|x86.Build.0 = Debug|x86
		{F04D9347-E9B8-4DBE-BBCE-9BA43209C512}.Release|Any CPU.ActiveCfg = Release|Any CPU
		{F04D9347-E9B8-4DBE-BBCE-9BA43209C512}.Release|Any CPU.Build.0 = Release|Any CPU
		{F04D9347-E9B8-4DBE-BBCE-9BA43209C512}.Release|Itanium.ActiveCfg = Release|x86
		{F04D9347-E9B8-4DBE-BBCE-9BA43209C512}.Release|Mixed Platforms.ActiveCfg = Release|Any CPU
		{F04D9347-E9B8-4DBE-BBCE-9BA43209C512}.Release|Mixed Platforms.Build.0 = Release|Any CPU
		{F04D9347-E9B8-4DBE-BBCE-9BA43209C512}.Release|x64.ActiveCfg = Release|x64
		{F04D9347-E9B8-4DBE-BBCE-9BA43209C512}.Release|x64.Build.0 = Release|x64
		{F04D9347-E9B8-4DBE-BBCE-9BA43209C512}.Release|x86.ActiveCfg = Release|Any CPU
		{ABD7D778-1F50-4677-986B-FD05DAA9A9DD}.Debug|Any CPU.ActiveCfg = Debug|Any CPU
		{ABD7D778-1F50-4677-986B-FD05DAA9A9DD}.Debug|Any CPU.Build.0 = Debug|Any CPU
		{ABD7D778-1F50-4677-986B-FD05DAA9A9DD}.Debug|Itanium.ActiveCfg = Debug|x86
		{ABD7D778-1F50-4677-986B-FD05DAA9A9DD}.Debug|Mixed Platforms.ActiveCfg = Debug|Any CPU
		{ABD7D778-1F50-4677-986B-FD05DAA9A9DD}.Debug|Mixed Platforms.Build.0 = Debug|Any CPU
		{ABD7D778-1F50-4677-986B-FD05DAA9A9DD}.Debug|x64.ActiveCfg = Debug|x64
		{ABD7D778-1F50-4677-986B-FD05DAA9A9DD}.Debug|x64.Build.0 = Debug|x64
		{ABD7D778-1F50-4677-986B-FD05DAA9A9DD}.Debug|x86.ActiveCfg = Debug|x86
		{ABD7D778-1F50-4677-986B-FD05DAA9A9DD}.Debug|x86.Build.0 = Debug|x86
		{ABD7D778-1F50-4677-986B-FD05DAA9A9DD}.Release|Any CPU.ActiveCfg = Release|Any CPU
		{ABD7D778-1F50-4677-986B-FD05DAA9A9DD}.Release|Any CPU.Build.0 = Release|Any CPU
		{ABD7D778-1F50-4677-986B-FD05DAA9A9DD}.Release|Itanium.ActiveCfg = Release|x86
		{ABD7D778-1F50-4677-986B-FD05DAA9A9DD}.Release|Mixed Platforms.ActiveCfg = Release|Any CPU
		{ABD7D778-1F50-4677-986B-FD05DAA9A9DD}.Release|Mixed Platforms.Build.0 = Release|Any CPU
		{ABD7D778-1F50-4677-986B-FD05DAA9A9DD}.Release|x64.ActiveCfg = Release|x64
		{ABD7D778-1F50-4677-986B-FD05DAA9A9DD}.Release|x64.Build.0 = Release|x64
		{ABD7D778-1F50-4677-986B-FD05DAA9A9DD}.Release|x86.ActiveCfg = Release|Any CPU
		{DFE7AF2B-BB30-419A-91B9-F194D82D5842}.Debug|Any CPU.ActiveCfg = Debug|Any CPU
		{DFE7AF2B-BB30-419A-91B9-F194D82D5842}.Debug|Any CPU.Build.0 = Debug|Any CPU
		{DFE7AF2B-BB30-419A-91B9-F194D82D5842}.Debug|Itanium.ActiveCfg = Debug|x86
		{DFE7AF2B-BB30-419A-91B9-F194D82D5842}.Debug|Mixed Platforms.ActiveCfg = Debug|Any CPU
		{DFE7AF2B-BB30-419A-91B9-F194D82D5842}.Debug|Mixed Platforms.Build.0 = Debug|Any CPU
		{DFE7AF2B-BB30-419A-91B9-F194D82D5842}.Debug|x64.ActiveCfg = Debug|x64
		{DFE7AF2B-BB30-419A-91B9-F194D82D5842}.Debug|x64.Build.0 = Debug|x64
		{DFE7AF2B-BB30-419A-91B9-F194D82D5842}.Debug|x86.ActiveCfg = Debug|x86
		{DFE7AF2B-BB30-419A-91B9-F194D82D5842}.Debug|x86.Build.0 = Debug|x86
		{DFE7AF2B-BB30-419A-91B9-F194D82D5842}.Release|Any CPU.ActiveCfg = Release|Any CPU
		{DFE7AF2B-BB30-419A-91B9-F194D82D5842}.Release|Any CPU.Build.0 = Release|Any CPU
		{DFE7AF2B-BB30-419A-91B9-F194D82D5842}.Release|Itanium.ActiveCfg = Release|x86
		{DFE7AF2B-BB30-419A-91B9-F194D82D5842}.Release|Mixed Platforms.ActiveCfg = Release|Any CPU
		{DFE7AF2B-BB30-419A-91B9-F194D82D5842}.Release|Mixed Platforms.Build.0 = Release|Any CPU
		{DFE7AF2B-BB30-419A-91B9-F194D82D5842}.Release|x64.ActiveCfg = Release|x64
		{DFE7AF2B-BB30-419A-91B9-F194D82D5842}.Release|x64.Build.0 = Release|x64
		{DFE7AF2B-BB30-419A-91B9-F194D82D5842}.Release|x86.ActiveCfg = Release|Any CPU
		{57F0946C-2972-4CE3-8B43-3CEB5427AE6C}.Debug|Any CPU.ActiveCfg = Debug|Any CPU
		{57F0946C-2972-4CE3-8B43-3CEB5427AE6C}.Debug|Any CPU.Build.0 = Debug|Any CPU
		{57F0946C-2972-4CE3-8B43-3CEB5427AE6C}.Debug|Itanium.ActiveCfg = Debug|x86
		{57F0946C-2972-4CE3-8B43-3CEB5427AE6C}.Debug|Mixed Platforms.ActiveCfg = Debug|Any CPU
		{57F0946C-2972-4CE3-8B43-3CEB5427AE6C}.Debug|Mixed Platforms.Build.0 = Debug|Any CPU
		{57F0946C-2972-4CE3-8B43-3CEB5427AE6C}.Debug|x64.ActiveCfg = Debug|x64
		{57F0946C-2972-4CE3-8B43-3CEB5427AE6C}.Debug|x64.Build.0 = Debug|x64
		{57F0946C-2972-4CE3-8B43-3CEB5427AE6C}.Debug|x86.ActiveCfg = Debug|x86
		{57F0946C-2972-4CE3-8B43-3CEB5427AE6C}.Debug|x86.Build.0 = Debug|x86
		{57F0946C-2972-4CE3-8B43-3CEB5427AE6C}.Release|Any CPU.ActiveCfg = Release|Any CPU
		{57F0946C-2972-4CE3-8B43-3CEB5427AE6C}.Release|Any CPU.Build.0 = Release|Any CPU
		{57F0946C-2972-4CE3-8B43-3CEB5427AE6C}.Release|Itanium.ActiveCfg = Release|x86
		{57F0946C-2972-4CE3-8B43-3CEB5427AE6C}.Release|Mixed Platforms.ActiveCfg = Release|Any CPU
		{57F0946C-2972-4CE3-8B43-3CEB5427AE6C}.Release|Mixed Platforms.Build.0 = Release|Any CPU
		{57F0946C-2972-4CE3-8B43-3CEB5427AE6C}.Release|x64.ActiveCfg = Release|x64
		{57F0946C-2972-4CE3-8B43-3CEB5427AE6C}.Release|x64.Build.0 = Release|x64
		{57F0946C-2972-4CE3-8B43-3CEB5427AE6C}.Release|x86.ActiveCfg = Release|Any CPU
		{2AA4A199-89DA-44FE-88D6-1C3F37F48028}.Debug|Any CPU.ActiveCfg = Debug|Any CPU
		{2AA4A199-89DA-44FE-88D6-1C3F37F48028}.Debug|Any CPU.Build.0 = Debug|Any CPU
		{2AA4A199-89DA-44FE-88D6-1C3F37F48028}.Debug|Itanium.ActiveCfg = Debug|x86
		{2AA4A199-89DA-44FE-88D6-1C3F37F48028}.Debug|Mixed Platforms.ActiveCfg = Debug|Any CPU
		{2AA4A199-89DA-44FE-88D6-1C3F37F48028}.Debug|Mixed Platforms.Build.0 = Debug|Any CPU
		{2AA4A199-89DA-44FE-88D6-1C3F37F48028}.Debug|x64.ActiveCfg = Debug|x64
		{2AA4A199-89DA-44FE-88D6-1C3F37F48028}.Debug|x64.Build.0 = Debug|x64
		{2AA4A199-89DA-44FE-88D6-1C3F37F48028}.Debug|x86.ActiveCfg = Debug|x86
		{2AA4A199-89DA-44FE-88D6-1C3F37F48028}.Debug|x86.Build.0 = Debug|x86
		{2AA4A199-89DA-44FE-88D6-1C3F37F48028}.Release|Any CPU.ActiveCfg = Release|Any CPU
		{2AA4A199-89DA-44FE-88D6-1C3F37F48028}.Release|Any CPU.Build.0 = Release|Any CPU
		{2AA4A199-89DA-44FE-88D6-1C3F37F48028}.Release|Itanium.ActiveCfg = Release|x86
		{2AA4A199-89DA-44FE-88D6-1C3F37F48028}.Release|Mixed Platforms.ActiveCfg = Release|Any CPU
		{2AA4A199-89DA-44FE-88D6-1C3F37F48028}.Release|Mixed Platforms.Build.0 = Release|Any CPU
		{2AA4A199-89DA-44FE-88D6-1C3F37F48028}.Release|x64.ActiveCfg = Release|x64
		{2AA4A199-89DA-44FE-88D6-1C3F37F48028}.Release|x64.Build.0 = Release|x64
		{2AA4A199-89DA-44FE-88D6-1C3F37F48028}.Release|x86.ActiveCfg = Release|Any CPU
		{D0617D85-8C60-41D4-B85B-7D860959687B}.Debug|Any CPU.ActiveCfg = Debug|Any CPU
		{D0617D85-8C60-41D4-B85B-7D860959687B}.Debug|Any CPU.Build.0 = Debug|Any CPU
		{D0617D85-8C60-41D4-B85B-7D860959687B}.Debug|Itanium.ActiveCfg = Debug|x86
		{D0617D85-8C60-41D4-B85B-7D860959687B}.Debug|Mixed Platforms.ActiveCfg = Debug|Any CPU
		{D0617D85-8C60-41D4-B85B-7D860959687B}.Debug|Mixed Platforms.Build.0 = Debug|Any CPU
		{D0617D85-8C60-41D4-B85B-7D860959687B}.Debug|x64.ActiveCfg = Debug|x64
		{D0617D85-8C60-41D4-B85B-7D860959687B}.Debug|x64.Build.0 = Debug|x64
		{D0617D85-8C60-41D4-B85B-7D860959687B}.Debug|x86.ActiveCfg = Debug|x86
		{D0617D85-8C60-41D4-B85B-7D860959687B}.Debug|x86.Build.0 = Debug|x86
		{D0617D85-8C60-41D4-B85B-7D860959687B}.Release|Any CPU.ActiveCfg = Release|Any CPU
		{D0617D85-8C60-41D4-B85B-7D860959687B}.Release|Any CPU.Build.0 = Release|Any CPU
		{D0617D85-8C60-41D4-B85B-7D860959687B}.Release|Itanium.ActiveCfg = Release|x86
		{D0617D85-8C60-41D4-B85B-7D860959687B}.Release|Mixed Platforms.ActiveCfg = Release|Any CPU
		{D0617D85-8C60-41D4-B85B-7D860959687B}.Release|Mixed Platforms.Build.0 = Release|Any CPU
		{D0617D85-8C60-41D4-B85B-7D860959687B}.Release|x64.ActiveCfg = Release|x64
		{D0617D85-8C60-41D4-B85B-7D860959687B}.Release|x64.Build.0 = Release|x64
		{D0617D85-8C60-41D4-B85B-7D860959687B}.Release|x86.ActiveCfg = Release|Any CPU
		{D51B1D34-8249-4226-B2C2-0765F2790AD6}.Debug|Any CPU.ActiveCfg = Debug|Any CPU
		{D51B1D34-8249-4226-B2C2-0765F2790AD6}.Debug|Any CPU.Build.0 = Debug|Any CPU
		{D51B1D34-8249-4226-B2C2-0765F2790AD6}.Debug|Itanium.ActiveCfg = Debug|x86
		{D51B1D34-8249-4226-B2C2-0765F2790AD6}.Debug|Mixed Platforms.ActiveCfg = Debug|Any CPU
		{D51B1D34-8249-4226-B2C2-0765F2790AD6}.Debug|Mixed Platforms.Build.0 = Debug|Any CPU
		{D51B1D34-8249-4226-B2C2-0765F2790AD6}.Debug|x64.ActiveCfg = Debug|x64
		{D51B1D34-8249-4226-B2C2-0765F2790AD6}.Debug|x64.Build.0 = Debug|x64
		{D51B1D34-8249-4226-B2C2-0765F2790AD6}.Debug|x86.ActiveCfg = Debug|x86
		{D51B1D34-8249-4226-B2C2-0765F2790AD6}.Debug|x86.Build.0 = Debug|x86
		{D51B1D34-8249-4226-B2C2-0765F2790AD6}.Release|Any CPU.ActiveCfg = Release|Any CPU
		{D51B1D34-8249-4226-B2C2-0765F2790AD6}.Release|Any CPU.Build.0 = Release|Any CPU
		{D51B1D34-8249-4226-B2C2-0765F2790AD6}.Release|Itanium.ActiveCfg = Release|x86
		{D51B1D34-8249-4226-B2C2-0765F2790AD6}.Release|Mixed Platforms.ActiveCfg = Release|Any CPU
		{D51B1D34-8249-4226-B2C2-0765F2790AD6}.Release|Mixed Platforms.Build.0 = Release|Any CPU
		{D51B1D34-8249-4226-B2C2-0765F2790AD6}.Release|x64.ActiveCfg = Release|x64
		{D51B1D34-8249-4226-B2C2-0765F2790AD6}.Release|x64.Build.0 = Release|x64
		{D51B1D34-8249-4226-B2C2-0765F2790AD6}.Release|x86.ActiveCfg = Release|Any CPU
		{3B6992AB-0A3D-4CF6-A1A6-49EAA6AD5B0E}.Debug|Any CPU.ActiveCfg = Debug|Any CPU
		{3B6992AB-0A3D-4CF6-A1A6-49EAA6AD5B0E}.Debug|Any CPU.Build.0 = Debug|Any CPU
		{3B6992AB-0A3D-4CF6-A1A6-49EAA6AD5B0E}.Debug|Itanium.ActiveCfg = Debug|x86
		{3B6992AB-0A3D-4CF6-A1A6-49EAA6AD5B0E}.Debug|Mixed Platforms.ActiveCfg = Debug|Any CPU
		{3B6992AB-0A3D-4CF6-A1A6-49EAA6AD5B0E}.Debug|Mixed Platforms.Build.0 = Debug|Any CPU
		{3B6992AB-0A3D-4CF6-A1A6-49EAA6AD5B0E}.Debug|x64.ActiveCfg = Debug|x64
		{3B6992AB-0A3D-4CF6-A1A6-49EAA6AD5B0E}.Debug|x64.Build.0 = Debug|x64
		{3B6992AB-0A3D-4CF6-A1A6-49EAA6AD5B0E}.Debug|x86.ActiveCfg = Debug|x86
		{3B6992AB-0A3D-4CF6-A1A6-49EAA6AD5B0E}.Debug|x86.Build.0 = Debug|x86
		{3B6992AB-0A3D-4CF6-A1A6-49EAA6AD5B0E}.Release|Any CPU.ActiveCfg = Release|Any CPU
		{3B6992AB-0A3D-4CF6-A1A6-49EAA6AD5B0E}.Release|Any CPU.Build.0 = Release|Any CPU
		{3B6992AB-0A3D-4CF6-A1A6-49EAA6AD5B0E}.Release|Itanium.ActiveCfg = Release|x86
		{3B6992AB-0A3D-4CF6-A1A6-49EAA6AD5B0E}.Release|Mixed Platforms.ActiveCfg = Release|Any CPU
		{3B6992AB-0A3D-4CF6-A1A6-49EAA6AD5B0E}.Release|Mixed Platforms.Build.0 = Release|Any CPU
		{3B6992AB-0A3D-4CF6-A1A6-49EAA6AD5B0E}.Release|x64.ActiveCfg = Release|x64
		{3B6992AB-0A3D-4CF6-A1A6-49EAA6AD5B0E}.Release|x64.Build.0 = Release|x64
		{3B6992AB-0A3D-4CF6-A1A6-49EAA6AD5B0E}.Release|x86.ActiveCfg = Release|Any CPU
		{690EE0F3-50B8-42E4-9BB2-14965EE82098}.Debug|Any CPU.ActiveCfg = Debug|Any CPU
		{690EE0F3-50B8-42E4-9BB2-14965EE82098}.Debug|Any CPU.Build.0 = Debug|Any CPU
		{690EE0F3-50B8-42E4-9BB2-14965EE82098}.Debug|Itanium.ActiveCfg = Debug|x86
		{690EE0F3-50B8-42E4-9BB2-14965EE82098}.Debug|Mixed Platforms.ActiveCfg = Debug|Any CPU
		{690EE0F3-50B8-42E4-9BB2-14965EE82098}.Debug|Mixed Platforms.Build.0 = Debug|Any CPU
		{690EE0F3-50B8-42E4-9BB2-14965EE82098}.Debug|x64.ActiveCfg = Debug|x64
		{690EE0F3-50B8-42E4-9BB2-14965EE82098}.Debug|x64.Build.0 = Debug|x64
		{690EE0F3-50B8-42E4-9BB2-14965EE82098}.Debug|x86.ActiveCfg = Debug|x86
		{690EE0F3-50B8-42E4-9BB2-14965EE82098}.Debug|x86.Build.0 = Debug|x86
		{690EE0F3-50B8-42E4-9BB2-14965EE82098}.Release|Any CPU.ActiveCfg = Release|Any CPU
		{690EE0F3-50B8-42E4-9BB2-14965EE82098}.Release|Any CPU.Build.0 = Release|Any CPU
		{690EE0F3-50B8-42E4-9BB2-14965EE82098}.Release|Itanium.ActiveCfg = Release|x86
		{690EE0F3-50B8-42E4-9BB2-14965EE82098}.Release|Mixed Platforms.ActiveCfg = Release|Any CPU
		{690EE0F3-50B8-42E4-9BB2-14965EE82098}.Release|Mixed Platforms.Build.0 = Release|Any CPU
		{690EE0F3-50B8-42E4-9BB2-14965EE82098}.Release|x64.ActiveCfg = Release|x64
		{690EE0F3-50B8-42E4-9BB2-14965EE82098}.Release|x64.Build.0 = Release|x64
		{690EE0F3-50B8-42E4-9BB2-14965EE82098}.Release|x86.ActiveCfg = Release|Any CPU
		{5BE3DEDE-FCC3-411B-8376-643783ED16F3}.Debug|Any CPU.ActiveCfg = Debug|Any CPU
		{5BE3DEDE-FCC3-411B-8376-643783ED16F3}.Debug|Any CPU.Build.0 = Debug|Any CPU
		{5BE3DEDE-FCC3-411B-8376-643783ED16F3}.Debug|Itanium.ActiveCfg = Debug|x86
		{5BE3DEDE-FCC3-411B-8376-643783ED16F3}.Debug|Mixed Platforms.ActiveCfg = Debug|Any CPU
		{5BE3DEDE-FCC3-411B-8376-643783ED16F3}.Debug|Mixed Platforms.Build.0 = Debug|Any CPU
		{5BE3DEDE-FCC3-411B-8376-643783ED16F3}.Debug|x64.ActiveCfg = Debug|x64
		{5BE3DEDE-FCC3-411B-8376-643783ED16F3}.Debug|x64.Build.0 = Debug|x64
		{5BE3DEDE-FCC3-411B-8376-643783ED16F3}.Debug|x86.ActiveCfg = Debug|x86
		{5BE3DEDE-FCC3-411B-8376-643783ED16F3}.Debug|x86.Build.0 = Debug|x86
		{5BE3DEDE-FCC3-411B-8376-643783ED16F3}.Release|Any CPU.ActiveCfg = Release|Any CPU
		{5BE3DEDE-FCC3-411B-8376-643783ED16F3}.Release|Any CPU.Build.0 = Release|Any CPU
		{5BE3DEDE-FCC3-411B-8376-643783ED16F3}.Release|Itanium.ActiveCfg = Release|x86
		{5BE3DEDE-FCC3-411B-8376-643783ED16F3}.Release|Mixed Platforms.ActiveCfg = Release|Any CPU
		{5BE3DEDE-FCC3-411B-8376-643783ED16F3}.Release|Mixed Platforms.Build.0 = Release|Any CPU
		{5BE3DEDE-FCC3-411B-8376-643783ED16F3}.Release|x64.ActiveCfg = Release|x64
		{5BE3DEDE-FCC3-411B-8376-643783ED16F3}.Release|x64.Build.0 = Release|x64
		{5BE3DEDE-FCC3-411B-8376-643783ED16F3}.Release|x86.ActiveCfg = Release|Any CPU
		{C156C8A4-170A-4153-9B92-92DADF487C1B}.Debug|Any CPU.ActiveCfg = Debug|Any CPU
		{C156C8A4-170A-4153-9B92-92DADF487C1B}.Debug|Any CPU.Build.0 = Debug|Any CPU
		{C156C8A4-170A-4153-9B92-92DADF487C1B}.Debug|Itanium.ActiveCfg = Debug|x64
		{C156C8A4-170A-4153-9B92-92DADF487C1B}.Debug|Mixed Platforms.ActiveCfg = Debug|Any CPU
		{C156C8A4-170A-4153-9B92-92DADF487C1B}.Debug|Mixed Platforms.Build.0 = Debug|Any CPU
		{C156C8A4-170A-4153-9B92-92DADF487C1B}.Debug|x64.ActiveCfg = Debug|x64
		{C156C8A4-170A-4153-9B92-92DADF487C1B}.Debug|x64.Build.0 = Debug|x64
		{C156C8A4-170A-4153-9B92-92DADF487C1B}.Debug|x86.ActiveCfg = Debug|x86
		{C156C8A4-170A-4153-9B92-92DADF487C1B}.Debug|x86.Build.0 = Debug|x86
		{C156C8A4-170A-4153-9B92-92DADF487C1B}.Release|Any CPU.ActiveCfg = Release|Any CPU
		{C156C8A4-170A-4153-9B92-92DADF487C1B}.Release|Any CPU.Build.0 = Release|Any CPU
		{C156C8A4-170A-4153-9B92-92DADF487C1B}.Release|Itanium.ActiveCfg = Release|x64
		{C156C8A4-170A-4153-9B92-92DADF487C1B}.Release|Mixed Platforms.ActiveCfg = Release|Any CPU
		{C156C8A4-170A-4153-9B92-92DADF487C1B}.Release|Mixed Platforms.Build.0 = Release|Any CPU
		{C156C8A4-170A-4153-9B92-92DADF487C1B}.Release|x64.ActiveCfg = Release|x64
		{C156C8A4-170A-4153-9B92-92DADF487C1B}.Release|x64.Build.0 = Release|x64
		{C156C8A4-170A-4153-9B92-92DADF487C1B}.Release|x86.ActiveCfg = Release|Any CPU
		{E271ADE6-E79E-4AA5-85C9-28D7431451B2}.Debug|Any CPU.ActiveCfg = Debug|Any CPU
		{E271ADE6-E79E-4AA5-85C9-28D7431451B2}.Debug|Any CPU.Build.0 = Debug|Any CPU
		{E271ADE6-E79E-4AA5-85C9-28D7431451B2}.Debug|Itanium.ActiveCfg = Debug|x86
		{E271ADE6-E79E-4AA5-85C9-28D7431451B2}.Debug|Mixed Platforms.ActiveCfg = Debug|Any CPU
		{E271ADE6-E79E-4AA5-85C9-28D7431451B2}.Debug|Mixed Platforms.Build.0 = Debug|Any CPU
		{E271ADE6-E79E-4AA5-85C9-28D7431451B2}.Debug|x64.ActiveCfg = Debug|x64
		{E271ADE6-E79E-4AA5-85C9-28D7431451B2}.Debug|x64.Build.0 = Debug|x64
		{E271ADE6-E79E-4AA5-85C9-28D7431451B2}.Debug|x86.ActiveCfg = Debug|x86
		{E271ADE6-E79E-4AA5-85C9-28D7431451B2}.Debug|x86.Build.0 = Debug|x86
		{E271ADE6-E79E-4AA5-85C9-28D7431451B2}.Release|Any CPU.ActiveCfg = Release|Any CPU
		{E271ADE6-E79E-4AA5-85C9-28D7431451B2}.Release|Any CPU.Build.0 = Release|Any CPU
		{E271ADE6-E79E-4AA5-85C9-28D7431451B2}.Release|Itanium.ActiveCfg = Release|x86
		{E271ADE6-E79E-4AA5-85C9-28D7431451B2}.Release|Mixed Platforms.ActiveCfg = Release|Any CPU
		{E271ADE6-E79E-4AA5-85C9-28D7431451B2}.Release|Mixed Platforms.Build.0 = Release|Any CPU
		{E271ADE6-E79E-4AA5-85C9-28D7431451B2}.Release|x64.ActiveCfg = Release|x64
		{E271ADE6-E79E-4AA5-85C9-28D7431451B2}.Release|x64.Build.0 = Release|x64
		{E271ADE6-E79E-4AA5-85C9-28D7431451B2}.Release|x86.ActiveCfg = Release|Any CPU
		{AB87A885-0242-45D9-925E-69961FD89868}.Debug|Any CPU.ActiveCfg = Debug|Any CPU
		{AB87A885-0242-45D9-925E-69961FD89868}.Debug|Any CPU.Build.0 = Debug|Any CPU
		{AB87A885-0242-45D9-925E-69961FD89868}.Debug|Itanium.ActiveCfg = Debug|x86
		{AB87A885-0242-45D9-925E-69961FD89868}.Debug|Mixed Platforms.ActiveCfg = Debug|Any CPU
		{AB87A885-0242-45D9-925E-69961FD89868}.Debug|Mixed Platforms.Build.0 = Debug|Any CPU
		{AB87A885-0242-45D9-925E-69961FD89868}.Debug|x64.ActiveCfg = Debug|x64
		{AB87A885-0242-45D9-925E-69961FD89868}.Debug|x64.Build.0 = Debug|x64
		{AB87A885-0242-45D9-925E-69961FD89868}.Debug|x86.ActiveCfg = Debug|x86
		{AB87A885-0242-45D9-925E-69961FD89868}.Debug|x86.Build.0 = Debug|x86
		{AB87A885-0242-45D9-925E-69961FD89868}.Release|Any CPU.ActiveCfg = Release|Any CPU
		{AB87A885-0242-45D9-925E-69961FD89868}.Release|Any CPU.Build.0 = Release|Any CPU
		{AB87A885-0242-45D9-925E-69961FD89868}.Release|Itanium.ActiveCfg = Release|x86
		{AB87A885-0242-45D9-925E-69961FD89868}.Release|Mixed Platforms.ActiveCfg = Release|Any CPU
		{AB87A885-0242-45D9-925E-69961FD89868}.Release|Mixed Platforms.Build.0 = Release|Any CPU
		{AB87A885-0242-45D9-925E-69961FD89868}.Release|x64.ActiveCfg = Release|x64
		{AB87A885-0242-45D9-925E-69961FD89868}.Release|x64.Build.0 = Release|x64
		{AB87A885-0242-45D9-925E-69961FD89868}.Release|x86.ActiveCfg = Release|Any CPU
		{E9591184-ECB0-44B2-AF13-CD039E79D407}.Debug|Any CPU.ActiveCfg = Debug|Any CPU
		{E9591184-ECB0-44B2-AF13-CD039E79D407}.Debug|Any CPU.Build.0 = Debug|Any CPU
		{E9591184-ECB0-44B2-AF13-CD039E79D407}.Debug|Itanium.ActiveCfg = Debug|x86
		{E9591184-ECB0-44B2-AF13-CD039E79D407}.Debug|Mixed Platforms.ActiveCfg = Debug|Any CPU
		{E9591184-ECB0-44B2-AF13-CD039E79D407}.Debug|Mixed Platforms.Build.0 = Debug|Any CPU
		{E9591184-ECB0-44B2-AF13-CD039E79D407}.Debug|x64.ActiveCfg = Debug|x64
		{E9591184-ECB0-44B2-AF13-CD039E79D407}.Debug|x64.Build.0 = Debug|x64
		{E9591184-ECB0-44B2-AF13-CD039E79D407}.Debug|x86.ActiveCfg = Debug|x86
		{E9591184-ECB0-44B2-AF13-CD039E79D407}.Debug|x86.Build.0 = Debug|x86
		{E9591184-ECB0-44B2-AF13-CD039E79D407}.Release|Any CPU.ActiveCfg = Release|Any CPU
		{E9591184-ECB0-44B2-AF13-CD039E79D407}.Release|Any CPU.Build.0 = Release|Any CPU
		{E9591184-ECB0-44B2-AF13-CD039E79D407}.Release|Itanium.ActiveCfg = Release|x86
		{E9591184-ECB0-44B2-AF13-CD039E79D407}.Release|Mixed Platforms.ActiveCfg = Release|Any CPU
		{E9591184-ECB0-44B2-AF13-CD039E79D407}.Release|Mixed Platforms.Build.0 = Release|Any CPU
		{E9591184-ECB0-44B2-AF13-CD039E79D407}.Release|x64.ActiveCfg = Release|x64
		{E9591184-ECB0-44B2-AF13-CD039E79D407}.Release|x64.Build.0 = Release|x64
		{E9591184-ECB0-44B2-AF13-CD039E79D407}.Release|x86.ActiveCfg = Release|Any CPU
		{F312DE62-884C-4B50-962C-913D5C5E5906}.Debug|Any CPU.ActiveCfg = Debug|Any CPU
		{F312DE62-884C-4B50-962C-913D5C5E5906}.Debug|Any CPU.Build.0 = Debug|Any CPU
		{F312DE62-884C-4B50-962C-913D5C5E5906}.Debug|Itanium.ActiveCfg = Debug|x86
		{F312DE62-884C-4B50-962C-913D5C5E5906}.Debug|Mixed Platforms.ActiveCfg = Debug|Any CPU
		{F312DE62-884C-4B50-962C-913D5C5E5906}.Debug|Mixed Platforms.Build.0 = Debug|Any CPU
		{F312DE62-884C-4B50-962C-913D5C5E5906}.Debug|x64.ActiveCfg = Debug|x64
		{F312DE62-884C-4B50-962C-913D5C5E5906}.Debug|x64.Build.0 = Debug|x64
		{F312DE62-884C-4B50-962C-913D5C5E5906}.Debug|x86.ActiveCfg = Debug|x86
		{F312DE62-884C-4B50-962C-913D5C5E5906}.Debug|x86.Build.0 = Debug|x86
		{F312DE62-884C-4B50-962C-913D5C5E5906}.Release|Any CPU.ActiveCfg = Release|Any CPU
		{F312DE62-884C-4B50-962C-913D5C5E5906}.Release|Any CPU.Build.0 = Release|Any CPU
		{F312DE62-884C-4B50-962C-913D5C5E5906}.Release|Itanium.ActiveCfg = Release|x86
		{F312DE62-884C-4B50-962C-913D5C5E5906}.Release|Mixed Platforms.ActiveCfg = Release|Any CPU
		{F312DE62-884C-4B50-962C-913D5C5E5906}.Release|Mixed Platforms.Build.0 = Release|Any CPU
		{F312DE62-884C-4B50-962C-913D5C5E5906}.Release|x64.ActiveCfg = Release|x64
		{F312DE62-884C-4B50-962C-913D5C5E5906}.Release|x64.Build.0 = Release|x64
		{F312DE62-884C-4B50-962C-913D5C5E5906}.Release|x86.ActiveCfg = Release|Any CPU
		{A6C19A8B-DE24-4B99-8B9F-786916414850}.Debug|Any CPU.ActiveCfg = Debug|Any CPU
		{A6C19A8B-DE24-4B99-8B9F-786916414850}.Debug|Any CPU.Build.0 = Debug|Any CPU
		{A6C19A8B-DE24-4B99-8B9F-786916414850}.Debug|Itanium.ActiveCfg = Debug|x86
		{A6C19A8B-DE24-4B99-8B9F-786916414850}.Debug|Mixed Platforms.ActiveCfg = Debug|Any CPU
		{A6C19A8B-DE24-4B99-8B9F-786916414850}.Debug|Mixed Platforms.Build.0 = Debug|Any CPU
		{A6C19A8B-DE24-4B99-8B9F-786916414850}.Debug|x64.ActiveCfg = Debug|x64
		{A6C19A8B-DE24-4B99-8B9F-786916414850}.Debug|x64.Build.0 = Debug|x64
		{A6C19A8B-DE24-4B99-8B9F-786916414850}.Debug|x86.ActiveCfg = Debug|x86
		{A6C19A8B-DE24-4B99-8B9F-786916414850}.Debug|x86.Build.0 = Debug|x86
		{A6C19A8B-DE24-4B99-8B9F-786916414850}.Release|Any CPU.ActiveCfg = Release|Any CPU
		{A6C19A8B-DE24-4B99-8B9F-786916414850}.Release|Any CPU.Build.0 = Release|Any CPU
		{A6C19A8B-DE24-4B99-8B9F-786916414850}.Release|Itanium.ActiveCfg = Release|x86
		{A6C19A8B-DE24-4B99-8B9F-786916414850}.Release|Mixed Platforms.ActiveCfg = Release|Any CPU
		{A6C19A8B-DE24-4B99-8B9F-786916414850}.Release|Mixed Platforms.Build.0 = Release|Any CPU
		{A6C19A8B-DE24-4B99-8B9F-786916414850}.Release|x64.ActiveCfg = Release|x64
		{A6C19A8B-DE24-4B99-8B9F-786916414850}.Release|x64.Build.0 = Release|x64
		{A6C19A8B-DE24-4B99-8B9F-786916414850}.Release|x86.ActiveCfg = Release|Any CPU
		{1FEE49A8-D0D0-4BBF-9618-8DE0FE0D67DD}.Debug|Any CPU.ActiveCfg = Debug|Any CPU
		{1FEE49A8-D0D0-4BBF-9618-8DE0FE0D67DD}.Debug|Any CPU.Build.0 = Debug|Any CPU
		{1FEE49A8-D0D0-4BBF-9618-8DE0FE0D67DD}.Debug|Itanium.ActiveCfg = Debug|x86
		{1FEE49A8-D0D0-4BBF-9618-8DE0FE0D67DD}.Debug|Mixed Platforms.ActiveCfg = Debug|Any CPU
		{1FEE49A8-D0D0-4BBF-9618-8DE0FE0D67DD}.Debug|Mixed Platforms.Build.0 = Debug|Any CPU
		{1FEE49A8-D0D0-4BBF-9618-8DE0FE0D67DD}.Debug|x64.ActiveCfg = Debug|x64
		{1FEE49A8-D0D0-4BBF-9618-8DE0FE0D67DD}.Debug|x64.Build.0 = Debug|x64
		{1FEE49A8-D0D0-4BBF-9618-8DE0FE0D67DD}.Debug|x86.ActiveCfg = Debug|x86
		{1FEE49A8-D0D0-4BBF-9618-8DE0FE0D67DD}.Debug|x86.Build.0 = Debug|x86
		{1FEE49A8-D0D0-4BBF-9618-8DE0FE0D67DD}.Release|Any CPU.ActiveCfg = Release|Any CPU
		{1FEE49A8-D0D0-4BBF-9618-8DE0FE0D67DD}.Release|Any CPU.Build.0 = Release|Any CPU
		{1FEE49A8-D0D0-4BBF-9618-8DE0FE0D67DD}.Release|Itanium.ActiveCfg = Release|x86
		{1FEE49A8-D0D0-4BBF-9618-8DE0FE0D67DD}.Release|Mixed Platforms.ActiveCfg = Release|Any CPU
		{1FEE49A8-D0D0-4BBF-9618-8DE0FE0D67DD}.Release|Mixed Platforms.Build.0 = Release|Any CPU
		{1FEE49A8-D0D0-4BBF-9618-8DE0FE0D67DD}.Release|x64.ActiveCfg = Release|x64
		{1FEE49A8-D0D0-4BBF-9618-8DE0FE0D67DD}.Release|x64.Build.0 = Release|x64
		{1FEE49A8-D0D0-4BBF-9618-8DE0FE0D67DD}.Release|x86.ActiveCfg = Release|Any CPU
		{01A94ED1-5C05-4318-884F-36907C0B82B0}.Debug|Any CPU.ActiveCfg = Debug|Any CPU
		{01A94ED1-5C05-4318-884F-36907C0B82B0}.Debug|Any CPU.Build.0 = Debug|Any CPU
		{01A94ED1-5C05-4318-884F-36907C0B82B0}.Debug|Itanium.ActiveCfg = Debug|x86
		{01A94ED1-5C05-4318-884F-36907C0B82B0}.Debug|Mixed Platforms.ActiveCfg = Debug|Any CPU
		{01A94ED1-5C05-4318-884F-36907C0B82B0}.Debug|Mixed Platforms.Build.0 = Debug|Any CPU
		{01A94ED1-5C05-4318-884F-36907C0B82B0}.Debug|x64.ActiveCfg = Debug|x64
		{01A94ED1-5C05-4318-884F-36907C0B82B0}.Debug|x64.Build.0 = Debug|x64
		{01A94ED1-5C05-4318-884F-36907C0B82B0}.Debug|x86.ActiveCfg = Debug|x86
		{01A94ED1-5C05-4318-884F-36907C0B82B0}.Debug|x86.Build.0 = Debug|x86
		{01A94ED1-5C05-4318-884F-36907C0B82B0}.Release|Any CPU.ActiveCfg = Release|Any CPU
		{01A94ED1-5C05-4318-884F-36907C0B82B0}.Release|Any CPU.Build.0 = Release|Any CPU
		{01A94ED1-5C05-4318-884F-36907C0B82B0}.Release|Itanium.ActiveCfg = Release|x86
		{01A94ED1-5C05-4318-884F-36907C0B82B0}.Release|Mixed Platforms.ActiveCfg = Release|Any CPU
		{01A94ED1-5C05-4318-884F-36907C0B82B0}.Release|Mixed Platforms.Build.0 = Release|Any CPU
		{01A94ED1-5C05-4318-884F-36907C0B82B0}.Release|x64.ActiveCfg = Release|x64
		{01A94ED1-5C05-4318-884F-36907C0B82B0}.Release|x64.Build.0 = Release|x64
		{01A94ED1-5C05-4318-884F-36907C0B82B0}.Release|x86.ActiveCfg = Release|Any CPU
		{118AB938-5D19-405F-97F8-135C324AECBB}.Debug|Any CPU.ActiveCfg = Debug|Any CPU
		{118AB938-5D19-405F-97F8-135C324AECBB}.Debug|Any CPU.Build.0 = Debug|Any CPU
		{118AB938-5D19-405F-97F8-135C324AECBB}.Debug|Itanium.ActiveCfg = Debug|x86
		{118AB938-5D19-405F-97F8-135C324AECBB}.Debug|Mixed Platforms.ActiveCfg = Debug|Any CPU
		{118AB938-5D19-405F-97F8-135C324AECBB}.Debug|Mixed Platforms.Build.0 = Debug|Any CPU
		{118AB938-5D19-405F-97F8-135C324AECBB}.Debug|x64.ActiveCfg = Debug|x64
		{118AB938-5D19-405F-97F8-135C324AECBB}.Debug|x64.Build.0 = Debug|x64
		{118AB938-5D19-405F-97F8-135C324AECBB}.Debug|x86.ActiveCfg = Debug|x86
		{118AB938-5D19-405F-97F8-135C324AECBB}.Debug|x86.Build.0 = Debug|x86
		{118AB938-5D19-405F-97F8-135C324AECBB}.Release|Any CPU.ActiveCfg = Release|Any CPU
		{118AB938-5D19-405F-97F8-135C324AECBB}.Release|Any CPU.Build.0 = Release|Any CPU
		{118AB938-5D19-405F-97F8-135C324AECBB}.Release|Itanium.ActiveCfg = Release|x86
		{118AB938-5D19-405F-97F8-135C324AECBB}.Release|Mixed Platforms.ActiveCfg = Release|Any CPU
		{118AB938-5D19-405F-97F8-135C324AECBB}.Release|Mixed Platforms.Build.0 = Release|Any CPU
		{118AB938-5D19-405F-97F8-135C324AECBB}.Release|x64.ActiveCfg = Release|x64
		{118AB938-5D19-405F-97F8-135C324AECBB}.Release|x64.Build.0 = Release|x64
		{118AB938-5D19-405F-97F8-135C324AECBB}.Release|x86.ActiveCfg = Release|Any CPU
		{76FFC8A0-9A4A-41FA-BCD5-E811338E2A2C}.Debug|Any CPU.ActiveCfg = Debug|Any CPU
		{76FFC8A0-9A4A-41FA-BCD5-E811338E2A2C}.Debug|Any CPU.Build.0 = Debug|Any CPU
		{76FFC8A0-9A4A-41FA-BCD5-E811338E2A2C}.Debug|Itanium.ActiveCfg = Debug|x64
		{76FFC8A0-9A4A-41FA-BCD5-E811338E2A2C}.Debug|Mixed Platforms.ActiveCfg = Debug|x86
		{76FFC8A0-9A4A-41FA-BCD5-E811338E2A2C}.Debug|Mixed Platforms.Build.0 = Debug|x86
		{76FFC8A0-9A4A-41FA-BCD5-E811338E2A2C}.Debug|x64.ActiveCfg = Debug|x64
		{76FFC8A0-9A4A-41FA-BCD5-E811338E2A2C}.Debug|x64.Build.0 = Debug|x64
		{76FFC8A0-9A4A-41FA-BCD5-E811338E2A2C}.Debug|x86.ActiveCfg = Debug|x86
		{76FFC8A0-9A4A-41FA-BCD5-E811338E2A2C}.Debug|x86.Build.0 = Debug|x86
		{76FFC8A0-9A4A-41FA-BCD5-E811338E2A2C}.Release|Any CPU.ActiveCfg = Release|Any CPU
		{76FFC8A0-9A4A-41FA-BCD5-E811338E2A2C}.Release|Any CPU.Build.0 = Release|Any CPU
		{76FFC8A0-9A4A-41FA-BCD5-E811338E2A2C}.Release|Itanium.ActiveCfg = Release|x64
		{76FFC8A0-9A4A-41FA-BCD5-E811338E2A2C}.Release|Mixed Platforms.ActiveCfg = Release|x86
		{76FFC8A0-9A4A-41FA-BCD5-E811338E2A2C}.Release|Mixed Platforms.Build.0 = Release|x86
		{76FFC8A0-9A4A-41FA-BCD5-E811338E2A2C}.Release|x64.ActiveCfg = Release|x64
		{76FFC8A0-9A4A-41FA-BCD5-E811338E2A2C}.Release|x64.Build.0 = Release|x64
		{76FFC8A0-9A4A-41FA-BCD5-E811338E2A2C}.Release|x86.ActiveCfg = Release|x86
		{76FFC8A0-9A4A-41FA-BCD5-E811338E2A2C}.Release|x86.Build.0 = Release|x86
		{4001D7EB-3FCE-4B67-BF50-783776D53F28}.Debug|Any CPU.ActiveCfg = Debug|Any CPU
		{4001D7EB-3FCE-4B67-BF50-783776D53F28}.Debug|Any CPU.Build.0 = Debug|Any CPU
		{4001D7EB-3FCE-4B67-BF50-783776D53F28}.Debug|Itanium.ActiveCfg = Debug|x86
		{4001D7EB-3FCE-4B67-BF50-783776D53F28}.Debug|Mixed Platforms.ActiveCfg = Debug|Any CPU
		{4001D7EB-3FCE-4B67-BF50-783776D53F28}.Debug|Mixed Platforms.Build.0 = Debug|Any CPU
		{4001D7EB-3FCE-4B67-BF50-783776D53F28}.Debug|x64.ActiveCfg = Debug|x64
		{4001D7EB-3FCE-4B67-BF50-783776D53F28}.Debug|x64.Build.0 = Debug|x64
		{4001D7EB-3FCE-4B67-BF50-783776D53F28}.Debug|x86.ActiveCfg = Debug|x86
		{4001D7EB-3FCE-4B67-BF50-783776D53F28}.Debug|x86.Build.0 = Debug|x86
		{4001D7EB-3FCE-4B67-BF50-783776D53F28}.Release|Any CPU.ActiveCfg = Release|Any CPU
		{4001D7EB-3FCE-4B67-BF50-783776D53F28}.Release|Any CPU.Build.0 = Release|Any CPU
		{4001D7EB-3FCE-4B67-BF50-783776D53F28}.Release|Itanium.ActiveCfg = Release|x86
		{4001D7EB-3FCE-4B67-BF50-783776D53F28}.Release|Mixed Platforms.ActiveCfg = Release|Any CPU
		{4001D7EB-3FCE-4B67-BF50-783776D53F28}.Release|Mixed Platforms.Build.0 = Release|Any CPU
		{4001D7EB-3FCE-4B67-BF50-783776D53F28}.Release|x64.ActiveCfg = Release|x64
		{4001D7EB-3FCE-4B67-BF50-783776D53F28}.Release|x64.Build.0 = Release|x64
		{4001D7EB-3FCE-4B67-BF50-783776D53F28}.Release|x86.ActiveCfg = Release|Any CPU
		{E2CCDAF9-ED37-42C2-9DC8-DEA54171CCA4}.Debug|Any CPU.ActiveCfg = Debug|Any CPU
		{E2CCDAF9-ED37-42C2-9DC8-DEA54171CCA4}.Debug|Any CPU.Build.0 = Debug|Any CPU
		{E2CCDAF9-ED37-42C2-9DC8-DEA54171CCA4}.Debug|Itanium.ActiveCfg = Debug|x86
		{E2CCDAF9-ED37-42C2-9DC8-DEA54171CCA4}.Debug|Mixed Platforms.ActiveCfg = Debug|Any CPU
		{E2CCDAF9-ED37-42C2-9DC8-DEA54171CCA4}.Debug|Mixed Platforms.Build.0 = Debug|Any CPU
		{E2CCDAF9-ED37-42C2-9DC8-DEA54171CCA4}.Debug|x64.ActiveCfg = Debug|x64
		{E2CCDAF9-ED37-42C2-9DC8-DEA54171CCA4}.Debug|x64.Build.0 = Debug|x64
		{E2CCDAF9-ED37-42C2-9DC8-DEA54171CCA4}.Debug|x86.ActiveCfg = Debug|x86
		{E2CCDAF9-ED37-42C2-9DC8-DEA54171CCA4}.Debug|x86.Build.0 = Debug|x86
		{E2CCDAF9-ED37-42C2-9DC8-DEA54171CCA4}.Release|Any CPU.ActiveCfg = Release|Any CPU
		{E2CCDAF9-ED37-42C2-9DC8-DEA54171CCA4}.Release|Any CPU.Build.0 = Release|Any CPU
		{E2CCDAF9-ED37-42C2-9DC8-DEA54171CCA4}.Release|Itanium.ActiveCfg = Release|x86
		{E2CCDAF9-ED37-42C2-9DC8-DEA54171CCA4}.Release|Mixed Platforms.ActiveCfg = Release|Any CPU
		{E2CCDAF9-ED37-42C2-9DC8-DEA54171CCA4}.Release|Mixed Platforms.Build.0 = Release|Any CPU
		{E2CCDAF9-ED37-42C2-9DC8-DEA54171CCA4}.Release|x64.ActiveCfg = Release|x64
		{E2CCDAF9-ED37-42C2-9DC8-DEA54171CCA4}.Release|x64.Build.0 = Release|x64
		{E2CCDAF9-ED37-42C2-9DC8-DEA54171CCA4}.Release|x86.ActiveCfg = Release|Any CPU
		{7E2447FD-755B-4D67-BE9A-0D6BC86084B0}.Debug|Any CPU.ActiveCfg = Debug|Any CPU
		{7E2447FD-755B-4D67-BE9A-0D6BC86084B0}.Debug|Any CPU.Build.0 = Debug|Any CPU
		{7E2447FD-755B-4D67-BE9A-0D6BC86084B0}.Debug|Itanium.ActiveCfg = Debug|x86
		{7E2447FD-755B-4D67-BE9A-0D6BC86084B0}.Debug|Mixed Platforms.ActiveCfg = Debug|Any CPU
		{7E2447FD-755B-4D67-BE9A-0D6BC86084B0}.Debug|Mixed Platforms.Build.0 = Debug|Any CPU
		{7E2447FD-755B-4D67-BE9A-0D6BC86084B0}.Debug|x64.ActiveCfg = Debug|x64
		{7E2447FD-755B-4D67-BE9A-0D6BC86084B0}.Debug|x64.Build.0 = Debug|x64
		{7E2447FD-755B-4D67-BE9A-0D6BC86084B0}.Debug|x86.ActiveCfg = Debug|x86
		{7E2447FD-755B-4D67-BE9A-0D6BC86084B0}.Debug|x86.Build.0 = Debug|x86
		{7E2447FD-755B-4D67-BE9A-0D6BC86084B0}.Release|Any CPU.ActiveCfg = Release|Any CPU
		{7E2447FD-755B-4D67-BE9A-0D6BC86084B0}.Release|Any CPU.Build.0 = Release|Any CPU
		{7E2447FD-755B-4D67-BE9A-0D6BC86084B0}.Release|Itanium.ActiveCfg = Release|x86
		{7E2447FD-755B-4D67-BE9A-0D6BC86084B0}.Release|Mixed Platforms.ActiveCfg = Release|Any CPU
		{7E2447FD-755B-4D67-BE9A-0D6BC86084B0}.Release|Mixed Platforms.Build.0 = Release|Any CPU
		{7E2447FD-755B-4D67-BE9A-0D6BC86084B0}.Release|x64.ActiveCfg = Release|x64
		{7E2447FD-755B-4D67-BE9A-0D6BC86084B0}.Release|x64.Build.0 = Release|x64
		{7E2447FD-755B-4D67-BE9A-0D6BC86084B0}.Release|x86.ActiveCfg = Release|Any CPU
		{650F80A4-7134-43E9-AB67-AA91EB556246}.Debug|Any CPU.ActiveCfg = Debug|Any CPU
		{650F80A4-7134-43E9-AB67-AA91EB556246}.Debug|Any CPU.Build.0 = Debug|Any CPU
		{650F80A4-7134-43E9-AB67-AA91EB556246}.Debug|Itanium.ActiveCfg = Debug|Any CPU
		{650F80A4-7134-43E9-AB67-AA91EB556246}.Debug|Mixed Platforms.ActiveCfg = Debug|x86
		{650F80A4-7134-43E9-AB67-AA91EB556246}.Debug|Mixed Platforms.Build.0 = Debug|x86
		{650F80A4-7134-43E9-AB67-AA91EB556246}.Debug|x64.ActiveCfg = Debug|x86
		{650F80A4-7134-43E9-AB67-AA91EB556246}.Debug|x86.ActiveCfg = Debug|x86
		{650F80A4-7134-43E9-AB67-AA91EB556246}.Debug|x86.Build.0 = Debug|x86
		{650F80A4-7134-43E9-AB67-AA91EB556246}.Release|Any CPU.ActiveCfg = Release|Any CPU
		{650F80A4-7134-43E9-AB67-AA91EB556246}.Release|Any CPU.Build.0 = Release|Any CPU
		{650F80A4-7134-43E9-AB67-AA91EB556246}.Release|Itanium.ActiveCfg = Release|Any CPU
		{650F80A4-7134-43E9-AB67-AA91EB556246}.Release|Mixed Platforms.ActiveCfg = Release|x86
		{650F80A4-7134-43E9-AB67-AA91EB556246}.Release|Mixed Platforms.Build.0 = Release|x86
		{650F80A4-7134-43E9-AB67-AA91EB556246}.Release|x64.ActiveCfg = Release|x86
		{650F80A4-7134-43E9-AB67-AA91EB556246}.Release|x86.ActiveCfg = Release|x86
		{650F80A4-7134-43E9-AB67-AA91EB556246}.Release|x86.Build.0 = Release|x86
		{66B387A3-137E-491F-A61F-899FFC17DB3C}.Debug|Any CPU.ActiveCfg = Debug|Any CPU
		{66B387A3-137E-491F-A61F-899FFC17DB3C}.Debug|Any CPU.Build.0 = Debug|Any CPU
		{66B387A3-137E-491F-A61F-899FFC17DB3C}.Debug|Itanium.ActiveCfg = Debug|Any CPU
		{66B387A3-137E-491F-A61F-899FFC17DB3C}.Debug|Mixed Platforms.ActiveCfg = Debug|x86
		{66B387A3-137E-491F-A61F-899FFC17DB3C}.Debug|Mixed Platforms.Build.0 = Debug|x86
		{66B387A3-137E-491F-A61F-899FFC17DB3C}.Debug|x64.ActiveCfg = Debug|x86
		{66B387A3-137E-491F-A61F-899FFC17DB3C}.Debug|x86.ActiveCfg = Debug|x86
		{66B387A3-137E-491F-A61F-899FFC17DB3C}.Debug|x86.Build.0 = Debug|x86
		{66B387A3-137E-491F-A61F-899FFC17DB3C}.Release|Any CPU.ActiveCfg = Release|Any CPU
		{66B387A3-137E-491F-A61F-899FFC17DB3C}.Release|Any CPU.Build.0 = Release|Any CPU
		{66B387A3-137E-491F-A61F-899FFC17DB3C}.Release|Itanium.ActiveCfg = Release|Any CPU
		{66B387A3-137E-491F-A61F-899FFC17DB3C}.Release|Mixed Platforms.ActiveCfg = Release|Any CPU
		{66B387A3-137E-491F-A61F-899FFC17DB3C}.Release|Mixed Platforms.Build.0 = Release|Any CPU
		{66B387A3-137E-491F-A61F-899FFC17DB3C}.Release|x64.ActiveCfg = Release|x86
		{66B387A3-137E-491F-A61F-899FFC17DB3C}.Release|x86.ActiveCfg = Release|x86
		{66B387A3-137E-491F-A61F-899FFC17DB3C}.Release|x86.Build.0 = Release|x86
		{C1EA3C14-4932-4FDB-BD38-6C686F73BA5F}.Debug|Any CPU.ActiveCfg = Debug|Any CPU
		{C1EA3C14-4932-4FDB-BD38-6C686F73BA5F}.Debug|Any CPU.Build.0 = Debug|Any CPU
		{C1EA3C14-4932-4FDB-BD38-6C686F73BA5F}.Debug|Itanium.ActiveCfg = Debug|Any CPU
		{C1EA3C14-4932-4FDB-BD38-6C686F73BA5F}.Debug|Mixed Platforms.ActiveCfg = Debug|x86
		{C1EA3C14-4932-4FDB-BD38-6C686F73BA5F}.Debug|Mixed Platforms.Build.0 = Debug|x86
		{C1EA3C14-4932-4FDB-BD38-6C686F73BA5F}.Debug|x64.ActiveCfg = Debug|x86
		{C1EA3C14-4932-4FDB-BD38-6C686F73BA5F}.Debug|x86.ActiveCfg = Debug|x86
		{C1EA3C14-4932-4FDB-BD38-6C686F73BA5F}.Debug|x86.Build.0 = Debug|x86
		{C1EA3C14-4932-4FDB-BD38-6C686F73BA5F}.Release|Any CPU.ActiveCfg = Release|Any CPU
		{C1EA3C14-4932-4FDB-BD38-6C686F73BA5F}.Release|Any CPU.Build.0 = Release|Any CPU
		{C1EA3C14-4932-4FDB-BD38-6C686F73BA5F}.Release|Itanium.ActiveCfg = Release|Any CPU
		{C1EA3C14-4932-4FDB-BD38-6C686F73BA5F}.Release|Mixed Platforms.ActiveCfg = Release|x86
		{C1EA3C14-4932-4FDB-BD38-6C686F73BA5F}.Release|Mixed Platforms.Build.0 = Release|x86
		{C1EA3C14-4932-4FDB-BD38-6C686F73BA5F}.Release|x64.ActiveCfg = Release|x86
		{C1EA3C14-4932-4FDB-BD38-6C686F73BA5F}.Release|x86.ActiveCfg = Release|x86
		{C1EA3C14-4932-4FDB-BD38-6C686F73BA5F}.Release|x86.Build.0 = Release|x86
		{1BABABE1-4C6C-4F08-815E-9637B875E1C9}.Debug|Any CPU.ActiveCfg = Debug|Any CPU
		{1BABABE1-4C6C-4F08-815E-9637B875E1C9}.Debug|Any CPU.Build.0 = Debug|Any CPU
		{1BABABE1-4C6C-4F08-815E-9637B875E1C9}.Debug|Itanium.ActiveCfg = Debug|Any CPU
		{1BABABE1-4C6C-4F08-815E-9637B875E1C9}.Debug|Mixed Platforms.ActiveCfg = Debug|Any CPU
		{1BABABE1-4C6C-4F08-815E-9637B875E1C9}.Debug|Mixed Platforms.Build.0 = Debug|Any CPU
		{1BABABE1-4C6C-4F08-815E-9637B875E1C9}.Debug|x64.ActiveCfg = Debug|Any CPU
		{1BABABE1-4C6C-4F08-815E-9637B875E1C9}.Debug|x86.ActiveCfg = Debug|Any CPU
		{1BABABE1-4C6C-4F08-815E-9637B875E1C9}.Release|Any CPU.ActiveCfg = Release|Any CPU
		{1BABABE1-4C6C-4F08-815E-9637B875E1C9}.Release|Any CPU.Build.0 = Release|Any CPU
		{1BABABE1-4C6C-4F08-815E-9637B875E1C9}.Release|Itanium.ActiveCfg = Release|Any CPU
		{1BABABE1-4C6C-4F08-815E-9637B875E1C9}.Release|Mixed Platforms.ActiveCfg = Release|Any CPU
		{1BABABE1-4C6C-4F08-815E-9637B875E1C9}.Release|Mixed Platforms.Build.0 = Release|Any CPU
		{1BABABE1-4C6C-4F08-815E-9637B875E1C9}.Release|x64.ActiveCfg = Release|Any CPU
		{1BABABE1-4C6C-4F08-815E-9637B875E1C9}.Release|x86.ActiveCfg = Release|Any CPU
		{91D44648-C86F-4600-A573-7CFFBCD0AAAF}.Debug|Any CPU.ActiveCfg = Debug|Any CPU
		{91D44648-C86F-4600-A573-7CFFBCD0AAAF}.Debug|Any CPU.Build.0 = Debug|Any CPU
		{91D44648-C86F-4600-A573-7CFFBCD0AAAF}.Debug|Itanium.ActiveCfg = Debug|Any CPU
		{91D44648-C86F-4600-A573-7CFFBCD0AAAF}.Debug|Mixed Platforms.ActiveCfg = Debug|Any CPU
		{91D44648-C86F-4600-A573-7CFFBCD0AAAF}.Debug|Mixed Platforms.Build.0 = Debug|Any CPU
		{91D44648-C86F-4600-A573-7CFFBCD0AAAF}.Debug|x64.ActiveCfg = Debug|Any CPU
		{91D44648-C86F-4600-A573-7CFFBCD0AAAF}.Debug|x86.ActiveCfg = Debug|Any CPU
		{91D44648-C86F-4600-A573-7CFFBCD0AAAF}.Release|Any CPU.ActiveCfg = Release|Any CPU
		{91D44648-C86F-4600-A573-7CFFBCD0AAAF}.Release|Any CPU.Build.0 = Release|Any CPU
		{91D44648-C86F-4600-A573-7CFFBCD0AAAF}.Release|Itanium.ActiveCfg = Release|Any CPU
		{91D44648-C86F-4600-A573-7CFFBCD0AAAF}.Release|Mixed Platforms.ActiveCfg = Release|Any CPU
		{91D44648-C86F-4600-A573-7CFFBCD0AAAF}.Release|Mixed Platforms.Build.0 = Release|Any CPU
		{91D44648-C86F-4600-A573-7CFFBCD0AAAF}.Release|x64.ActiveCfg = Release|Any CPU
		{91D44648-C86F-4600-A573-7CFFBCD0AAAF}.Release|x86.ActiveCfg = Release|Any CPU
		{27F36FE6-BBEF-4571-8BE2-88CF634C2FA4}.Debug|Any CPU.ActiveCfg = Debug|Any CPU
		{27F36FE6-BBEF-4571-8BE2-88CF634C2FA4}.Debug|Any CPU.Build.0 = Debug|Any CPU
		{27F36FE6-BBEF-4571-8BE2-88CF634C2FA4}.Debug|Itanium.ActiveCfg = Debug|Any CPU
		{27F36FE6-BBEF-4571-8BE2-88CF634C2FA4}.Debug|Mixed Platforms.ActiveCfg = Debug|Any CPU
		{27F36FE6-BBEF-4571-8BE2-88CF634C2FA4}.Debug|Mixed Platforms.Build.0 = Debug|Any CPU
		{27F36FE6-BBEF-4571-8BE2-88CF634C2FA4}.Debug|x64.ActiveCfg = Debug|Any CPU
		{27F36FE6-BBEF-4571-8BE2-88CF634C2FA4}.Debug|x86.ActiveCfg = Debug|Any CPU
		{27F36FE6-BBEF-4571-8BE2-88CF634C2FA4}.Release|Any CPU.ActiveCfg = Release|Any CPU
		{27F36FE6-BBEF-4571-8BE2-88CF634C2FA4}.Release|Any CPU.Build.0 = Release|Any CPU
		{27F36FE6-BBEF-4571-8BE2-88CF634C2FA4}.Release|Itanium.ActiveCfg = Release|Any CPU
		{27F36FE6-BBEF-4571-8BE2-88CF634C2FA4}.Release|Mixed Platforms.ActiveCfg = Release|Any CPU
		{27F36FE6-BBEF-4571-8BE2-88CF634C2FA4}.Release|Mixed Platforms.Build.0 = Release|Any CPU
		{27F36FE6-BBEF-4571-8BE2-88CF634C2FA4}.Release|x64.ActiveCfg = Release|Any CPU
		{27F36FE6-BBEF-4571-8BE2-88CF634C2FA4}.Release|x86.ActiveCfg = Release|Any CPU
		{B3A6B1BF-A02F-47FC-A015-E3BCE6B9C9CA}.Debug|Any CPU.ActiveCfg = Debug|Any CPU
		{B3A6B1BF-A02F-47FC-A015-E3BCE6B9C9CA}.Debug|Any CPU.Build.0 = Debug|Any CPU
		{B3A6B1BF-A02F-47FC-A015-E3BCE6B9C9CA}.Debug|Itanium.ActiveCfg = Debug|x86
		{B3A6B1BF-A02F-47FC-A015-E3BCE6B9C9CA}.Debug|Mixed Platforms.ActiveCfg = Debug|x86
		{B3A6B1BF-A02F-47FC-A015-E3BCE6B9C9CA}.Debug|Mixed Platforms.Build.0 = Debug|x86
		{B3A6B1BF-A02F-47FC-A015-E3BCE6B9C9CA}.Debug|x64.ActiveCfg = Debug|x64
		{B3A6B1BF-A02F-47FC-A015-E3BCE6B9C9CA}.Debug|x64.Build.0 = Debug|x64
		{B3A6B1BF-A02F-47FC-A015-E3BCE6B9C9CA}.Debug|x86.ActiveCfg = Debug|x86
		{B3A6B1BF-A02F-47FC-A015-E3BCE6B9C9CA}.Debug|x86.Build.0 = Debug|x86
		{B3A6B1BF-A02F-47FC-A015-E3BCE6B9C9CA}.Release|Any CPU.ActiveCfg = Release|Any CPU
		{B3A6B1BF-A02F-47FC-A015-E3BCE6B9C9CA}.Release|Any CPU.Build.0 = Release|Any CPU
		{B3A6B1BF-A02F-47FC-A015-E3BCE6B9C9CA}.Release|Itanium.ActiveCfg = Release|x86
		{B3A6B1BF-A02F-47FC-A015-E3BCE6B9C9CA}.Release|Mixed Platforms.ActiveCfg = Release|x86
		{B3A6B1BF-A02F-47FC-A015-E3BCE6B9C9CA}.Release|Mixed Platforms.Build.0 = Release|x86
		{B3A6B1BF-A02F-47FC-A015-E3BCE6B9C9CA}.Release|x64.ActiveCfg = Release|x64
		{B3A6B1BF-A02F-47FC-A015-E3BCE6B9C9CA}.Release|x64.Build.0 = Release|x64
		{B3A6B1BF-A02F-47FC-A015-E3BCE6B9C9CA}.Release|x86.ActiveCfg = Release|x86
		{B3A6B1BF-A02F-47FC-A015-E3BCE6B9C9CA}.Release|x86.Build.0 = Release|x86
		{7B8A7ED7-E116-48A5-A123-571CCA14AAB9}.Debug|Any CPU.ActiveCfg = Debug|Any CPU
		{7B8A7ED7-E116-48A5-A123-571CCA14AAB9}.Debug|Any CPU.Build.0 = Debug|Any CPU
		{7B8A7ED7-E116-48A5-A123-571CCA14AAB9}.Debug|Itanium.ActiveCfg = Debug|x86
		{7B8A7ED7-E116-48A5-A123-571CCA14AAB9}.Debug|Mixed Platforms.ActiveCfg = Debug|x86
		{7B8A7ED7-E116-48A5-A123-571CCA14AAB9}.Debug|Mixed Platforms.Build.0 = Debug|x86
		{7B8A7ED7-E116-48A5-A123-571CCA14AAB9}.Debug|x64.ActiveCfg = Debug|x64
		{7B8A7ED7-E116-48A5-A123-571CCA14AAB9}.Debug|x64.Build.0 = Debug|x64
		{7B8A7ED7-E116-48A5-A123-571CCA14AAB9}.Debug|x86.ActiveCfg = Debug|x86
		{7B8A7ED7-E116-48A5-A123-571CCA14AAB9}.Debug|x86.Build.0 = Debug|x86
		{7B8A7ED7-E116-48A5-A123-571CCA14AAB9}.Release|Any CPU.ActiveCfg = Release|Any CPU
		{7B8A7ED7-E116-48A5-A123-571CCA14AAB9}.Release|Any CPU.Build.0 = Release|Any CPU
		{7B8A7ED7-E116-48A5-A123-571CCA14AAB9}.Release|Itanium.ActiveCfg = Release|x86
		{7B8A7ED7-E116-48A5-A123-571CCA14AAB9}.Release|Mixed Platforms.ActiveCfg = Release|x86
		{7B8A7ED7-E116-48A5-A123-571CCA14AAB9}.Release|Mixed Platforms.Build.0 = Release|x86
		{7B8A7ED7-E116-48A5-A123-571CCA14AAB9}.Release|x64.ActiveCfg = Release|x64
		{7B8A7ED7-E116-48A5-A123-571CCA14AAB9}.Release|x64.Build.0 = Release|x64
		{7B8A7ED7-E116-48A5-A123-571CCA14AAB9}.Release|x86.ActiveCfg = Release|x86
		{7B8A7ED7-E116-48A5-A123-571CCA14AAB9}.Release|x86.Build.0 = Release|x86
		{4577DC14-7EF6-40F8-8F92-21F9E4A38D09}.Debug|Any CPU.ActiveCfg = Debug|Any CPU
		{4577DC14-7EF6-40F8-8F92-21F9E4A38D09}.Debug|Any CPU.Build.0 = Debug|Any CPU
		{4577DC14-7EF6-40F8-8F92-21F9E4A38D09}.Debug|Itanium.ActiveCfg = Debug|x86
		{4577DC14-7EF6-40F8-8F92-21F9E4A38D09}.Debug|Mixed Platforms.ActiveCfg = Debug|x86
		{4577DC14-7EF6-40F8-8F92-21F9E4A38D09}.Debug|Mixed Platforms.Build.0 = Debug|x86
		{4577DC14-7EF6-40F8-8F92-21F9E4A38D09}.Debug|x64.ActiveCfg = Debug|x86
		{4577DC14-7EF6-40F8-8F92-21F9E4A38D09}.Debug|x86.ActiveCfg = Debug|x86
		{4577DC14-7EF6-40F8-8F92-21F9E4A38D09}.Debug|x86.Build.0 = Debug|x86
		{4577DC14-7EF6-40F8-8F92-21F9E4A38D09}.Release|Any CPU.ActiveCfg = Release|Any CPU
		{4577DC14-7EF6-40F8-8F92-21F9E4A38D09}.Release|Any CPU.Build.0 = Release|Any CPU
		{4577DC14-7EF6-40F8-8F92-21F9E4A38D09}.Release|Itanium.ActiveCfg = Release|x86
		{4577DC14-7EF6-40F8-8F92-21F9E4A38D09}.Release|Mixed Platforms.ActiveCfg = Release|x86
		{4577DC14-7EF6-40F8-8F92-21F9E4A38D09}.Release|Mixed Platforms.Build.0 = Release|x86
		{4577DC14-7EF6-40F8-8F92-21F9E4A38D09}.Release|x64.ActiveCfg = Release|x86
		{4577DC14-7EF6-40F8-8F92-21F9E4A38D09}.Release|x86.ActiveCfg = Release|x86
		{4577DC14-7EF6-40F8-8F92-21F9E4A38D09}.Release|x86.Build.0 = Release|x86
		{7E9FEB83-4926-4BA1-AE66-07CF65E0609D}.Debug|Any CPU.ActiveCfg = Debug|Any CPU
		{7E9FEB83-4926-4BA1-AE66-07CF65E0609D}.Debug|Any CPU.Build.0 = Debug|Any CPU
		{7E9FEB83-4926-4BA1-AE66-07CF65E0609D}.Debug|Itanium.ActiveCfg = Debug|Any CPU
		{7E9FEB83-4926-4BA1-AE66-07CF65E0609D}.Debug|Mixed Platforms.ActiveCfg = Debug|Any CPU
		{7E9FEB83-4926-4BA1-AE66-07CF65E0609D}.Debug|Mixed Platforms.Build.0 = Debug|Any CPU
		{7E9FEB83-4926-4BA1-AE66-07CF65E0609D}.Debug|x64.ActiveCfg = Debug|Any CPU
		{7E9FEB83-4926-4BA1-AE66-07CF65E0609D}.Debug|x86.ActiveCfg = Debug|Any CPU
		{7E9FEB83-4926-4BA1-AE66-07CF65E0609D}.Release|Any CPU.ActiveCfg = Release|Any CPU
		{7E9FEB83-4926-4BA1-AE66-07CF65E0609D}.Release|Any CPU.Build.0 = Release|Any CPU
		{7E9FEB83-4926-4BA1-AE66-07CF65E0609D}.Release|Itanium.ActiveCfg = Release|Any CPU
		{7E9FEB83-4926-4BA1-AE66-07CF65E0609D}.Release|Mixed Platforms.ActiveCfg = Release|Any CPU
		{7E9FEB83-4926-4BA1-AE66-07CF65E0609D}.Release|Mixed Platforms.Build.0 = Release|Any CPU
		{7E9FEB83-4926-4BA1-AE66-07CF65E0609D}.Release|x64.ActiveCfg = Release|Any CPU
		{7E9FEB83-4926-4BA1-AE66-07CF65E0609D}.Release|x86.ActiveCfg = Release|Any CPU
		{C8E6D49E-BC9B-4576-B0D7-BB4D16ED7F7A}.Debug|Any CPU.ActiveCfg = Debug|Any CPU
		{C8E6D49E-BC9B-4576-B0D7-BB4D16ED7F7A}.Debug|Any CPU.Build.0 = Debug|Any CPU
		{C8E6D49E-BC9B-4576-B0D7-BB4D16ED7F7A}.Debug|Itanium.ActiveCfg = Debug|x86
		{C8E6D49E-BC9B-4576-B0D7-BB4D16ED7F7A}.Debug|Mixed Platforms.ActiveCfg = Debug|x86
		{C8E6D49E-BC9B-4576-B0D7-BB4D16ED7F7A}.Debug|Mixed Platforms.Build.0 = Debug|x86
		{C8E6D49E-BC9B-4576-B0D7-BB4D16ED7F7A}.Debug|x64.ActiveCfg = Debug|x64
		{C8E6D49E-BC9B-4576-B0D7-BB4D16ED7F7A}.Debug|x64.Build.0 = Debug|x64
		{C8E6D49E-BC9B-4576-B0D7-BB4D16ED7F7A}.Debug|x86.ActiveCfg = Debug|x86
		{C8E6D49E-BC9B-4576-B0D7-BB4D16ED7F7A}.Debug|x86.Build.0 = Debug|x86
		{C8E6D49E-BC9B-4576-B0D7-BB4D16ED7F7A}.Release|Any CPU.ActiveCfg = Release|Any CPU
		{C8E6D49E-BC9B-4576-B0D7-BB4D16ED7F7A}.Release|Any CPU.Build.0 = Release|Any CPU
		{C8E6D49E-BC9B-4576-B0D7-BB4D16ED7F7A}.Release|Itanium.ActiveCfg = Release|x86
		{C8E6D49E-BC9B-4576-B0D7-BB4D16ED7F7A}.Release|Mixed Platforms.ActiveCfg = Release|x86
		{C8E6D49E-BC9B-4576-B0D7-BB4D16ED7F7A}.Release|Mixed Platforms.Build.0 = Release|x86
		{C8E6D49E-BC9B-4576-B0D7-BB4D16ED7F7A}.Release|x64.ActiveCfg = Release|x64
		{C8E6D49E-BC9B-4576-B0D7-BB4D16ED7F7A}.Release|x64.Build.0 = Release|x64
		{C8E6D49E-BC9B-4576-B0D7-BB4D16ED7F7A}.Release|x86.ActiveCfg = Release|x86
		{C8E6D49E-BC9B-4576-B0D7-BB4D16ED7F7A}.Release|x86.Build.0 = Release|x86
		{EFD58193-1C05-4EE2-B18D-3A40E35AC071}.Debug|Any CPU.ActiveCfg = Debug|Any CPU
		{EFD58193-1C05-4EE2-B18D-3A40E35AC071}.Debug|Any CPU.Build.0 = Debug|Any CPU
		{EFD58193-1C05-4EE2-B18D-3A40E35AC071}.Debug|Itanium.ActiveCfg = Debug|x86
		{EFD58193-1C05-4EE2-B18D-3A40E35AC071}.Debug|Mixed Platforms.ActiveCfg = Debug|x86
		{EFD58193-1C05-4EE2-B18D-3A40E35AC071}.Debug|Mixed Platforms.Build.0 = Debug|x86
		{EFD58193-1C05-4EE2-B18D-3A40E35AC071}.Debug|x64.ActiveCfg = Debug|x64
		{EFD58193-1C05-4EE2-B18D-3A40E35AC071}.Debug|x64.Build.0 = Debug|x64
		{EFD58193-1C05-4EE2-B18D-3A40E35AC071}.Debug|x86.ActiveCfg = Debug|x86
		{EFD58193-1C05-4EE2-B18D-3A40E35AC071}.Debug|x86.Build.0 = Debug|x86
		{EFD58193-1C05-4EE2-B18D-3A40E35AC071}.Release|Any CPU.ActiveCfg = Release|Any CPU
		{EFD58193-1C05-4EE2-B18D-3A40E35AC071}.Release|Any CPU.Build.0 = Release|Any CPU
		{EFD58193-1C05-4EE2-B18D-3A40E35AC071}.Release|Itanium.ActiveCfg = Release|x86
		{EFD58193-1C05-4EE2-B18D-3A40E35AC071}.Release|Mixed Platforms.ActiveCfg = Release|x86
		{EFD58193-1C05-4EE2-B18D-3A40E35AC071}.Release|Mixed Platforms.Build.0 = Release|x86
		{EFD58193-1C05-4EE2-B18D-3A40E35AC071}.Release|x64.ActiveCfg = Release|x64
		{EFD58193-1C05-4EE2-B18D-3A40E35AC071}.Release|x64.Build.0 = Release|x64
		{EFD58193-1C05-4EE2-B18D-3A40E35AC071}.Release|x86.ActiveCfg = Release|x86
		{EFD58193-1C05-4EE2-B18D-3A40E35AC071}.Release|x86.Build.0 = Release|x86
		{795F1358-AAC2-41F6-86C5-882E2C0A1F8D}.Debug|Any CPU.ActiveCfg = Debug|Any CPU
		{795F1358-AAC2-41F6-86C5-882E2C0A1F8D}.Debug|Any CPU.Build.0 = Debug|Any CPU
		{795F1358-AAC2-41F6-86C5-882E2C0A1F8D}.Debug|Itanium.ActiveCfg = Debug|x64
		{795F1358-AAC2-41F6-86C5-882E2C0A1F8D}.Debug|Mixed Platforms.ActiveCfg = Debug|x64
		{795F1358-AAC2-41F6-86C5-882E2C0A1F8D}.Debug|Mixed Platforms.Build.0 = Debug|x64
		{795F1358-AAC2-41F6-86C5-882E2C0A1F8D}.Debug|x64.ActiveCfg = Debug|x64
		{795F1358-AAC2-41F6-86C5-882E2C0A1F8D}.Debug|x64.Build.0 = Debug|x64
		{795F1358-AAC2-41F6-86C5-882E2C0A1F8D}.Debug|x86.ActiveCfg = Debug|x86
		{795F1358-AAC2-41F6-86C5-882E2C0A1F8D}.Debug|x86.Build.0 = Debug|x86
		{795F1358-AAC2-41F6-86C5-882E2C0A1F8D}.Release|Any CPU.ActiveCfg = Release|Any CPU
		{795F1358-AAC2-41F6-86C5-882E2C0A1F8D}.Release|Any CPU.Build.0 = Release|Any CPU
		{795F1358-AAC2-41F6-86C5-882E2C0A1F8D}.Release|Itanium.ActiveCfg = Release|x64
		{795F1358-AAC2-41F6-86C5-882E2C0A1F8D}.Release|Mixed Platforms.ActiveCfg = Release|x64
		{795F1358-AAC2-41F6-86C5-882E2C0A1F8D}.Release|Mixed Platforms.Build.0 = Release|x64
		{795F1358-AAC2-41F6-86C5-882E2C0A1F8D}.Release|x64.ActiveCfg = Release|x64
		{795F1358-AAC2-41F6-86C5-882E2C0A1F8D}.Release|x64.Build.0 = Release|x64
		{795F1358-AAC2-41F6-86C5-882E2C0A1F8D}.Release|x86.ActiveCfg = Release|x86
		{795F1358-AAC2-41F6-86C5-882E2C0A1F8D}.Release|x86.Build.0 = Release|x86
		{0A740F89-6BA1-4217-AF7D-22C7F051AF47}.Debug|Any CPU.ActiveCfg = Debug|Any CPU
		{0A740F89-6BA1-4217-AF7D-22C7F051AF47}.Debug|Any CPU.Build.0 = Debug|Any CPU
		{0A740F89-6BA1-4217-AF7D-22C7F051AF47}.Debug|Itanium.ActiveCfg = Debug|x86
		{0A740F89-6BA1-4217-AF7D-22C7F051AF47}.Debug|Mixed Platforms.ActiveCfg = Debug|x86
		{0A740F89-6BA1-4217-AF7D-22C7F051AF47}.Debug|Mixed Platforms.Build.0 = Debug|x86
		{0A740F89-6BA1-4217-AF7D-22C7F051AF47}.Debug|x64.ActiveCfg = Debug|x64
		{0A740F89-6BA1-4217-AF7D-22C7F051AF47}.Debug|x64.Build.0 = Debug|x64
		{0A740F89-6BA1-4217-AF7D-22C7F051AF47}.Debug|x86.ActiveCfg = Debug|x86
		{0A740F89-6BA1-4217-AF7D-22C7F051AF47}.Debug|x86.Build.0 = Debug|x86
		{0A740F89-6BA1-4217-AF7D-22C7F051AF47}.Release|Any CPU.ActiveCfg = Release|Any CPU
		{0A740F89-6BA1-4217-AF7D-22C7F051AF47}.Release|Any CPU.Build.0 = Release|Any CPU
		{0A740F89-6BA1-4217-AF7D-22C7F051AF47}.Release|Itanium.ActiveCfg = Release|x86
		{0A740F89-6BA1-4217-AF7D-22C7F051AF47}.Release|Mixed Platforms.ActiveCfg = Release|x86
		{0A740F89-6BA1-4217-AF7D-22C7F051AF47}.Release|Mixed Platforms.Build.0 = Release|x86
		{0A740F89-6BA1-4217-AF7D-22C7F051AF47}.Release|x64.ActiveCfg = Release|x64
		{0A740F89-6BA1-4217-AF7D-22C7F051AF47}.Release|x64.Build.0 = Release|x64
		{0A740F89-6BA1-4217-AF7D-22C7F051AF47}.Release|x86.ActiveCfg = Release|x86
		{0A740F89-6BA1-4217-AF7D-22C7F051AF47}.Release|x86.Build.0 = Release|x86
	EndGlobalSection
	GlobalSection(SolutionProperties) = preSolution
		HideSolutionNode = FALSE
	EndGlobalSection
	GlobalSection(NestedProjects) = preSolution
		{F0AD2843-1391-4661-B382-237C3C85CE10} = {DBA768E4-6B64-4A60-B6DB-360D3F29A1DD}
		{97A2EC10-1708-4CB6-AC08-05B522EFB81A} = {DBA768E4-6B64-4A60-B6DB-360D3F29A1DD}
		{9983AF34-922E-49F2-9BDA-E46E6D29A7BB} = {DBA768E4-6B64-4A60-B6DB-360D3F29A1DD}
		{690EE0F3-50B8-42E4-9BB2-14965EE82098} = {DBA768E4-6B64-4A60-B6DB-360D3F29A1DD}
		{5BE3DEDE-FCC3-411B-8376-643783ED16F3} = {DBA768E4-6B64-4A60-B6DB-360D3F29A1DD}
		{4001D7EB-3FCE-4B67-BF50-783776D53F28} = {DBA768E4-6B64-4A60-B6DB-360D3F29A1DD}
		{E2CCDAF9-ED37-42C2-9DC8-DEA54171CCA4} = {DBA768E4-6B64-4A60-B6DB-360D3F29A1DD}
		{7E2447FD-755B-4D67-BE9A-0D6BC86084B0} = {DBA768E4-6B64-4A60-B6DB-360D3F29A1DD}
		{650F80A4-7134-43E9-AB67-AA91EB556246} = {DBA768E4-6B64-4A60-B6DB-360D3F29A1DD}
		{66B387A3-137E-491F-A61F-899FFC17DB3C} = {DBA768E4-6B64-4A60-B6DB-360D3F29A1DD}
		{C1EA3C14-4932-4FDB-BD38-6C686F73BA5F} = {DBA768E4-6B64-4A60-B6DB-360D3F29A1DD}
		{95906399-3661-4CEC-AA22-DCADD0B02663} = {753CBA96-8B62-4C24-9AF4-857EDE095779}
		{38B2A288-E7DC-4F26-A157-181D0695B48B} = {753CBA96-8B62-4C24-9AF4-857EDE095779}
		{907B8D71-4E77-45D4-BF9A-092C55C6F832} = {753CBA96-8B62-4C24-9AF4-857EDE095779}
		{48105C10-C90A-4C51-8B1A-FA8FBE552AE1} = {753CBA96-8B62-4C24-9AF4-857EDE095779}
		{8BEF338F-051C-452B-ABC0-3AE7C1C5B973} = {753CBA96-8B62-4C24-9AF4-857EDE095779}
		{D1167087-9010-4230-AA4D-23EF0C8FCF8F} = {753CBA96-8B62-4C24-9AF4-857EDE095779}
		{AD366602-7729-4F9E-9E8D-4EC84250E709} = {753CBA96-8B62-4C24-9AF4-857EDE095779}
		{23A734A1-D691-4F90-9771-E487575A7421} = {753CBA96-8B62-4C24-9AF4-857EDE095779}
		{D0617D85-8C60-41D4-B85B-7D860959687B} = {753CBA96-8B62-4C24-9AF4-857EDE095779}
		{C8E6D49E-BC9B-4576-B0D7-BB4D16ED7F7A} = {39AC22CA-ADE1-480D-A87E-1B5B093E2BAD}
		{EFD58193-1C05-4EE2-B18D-3A40E35AC071} = {39AC22CA-ADE1-480D-A87E-1B5B093E2BAD}
		{795F1358-AAC2-41F6-86C5-882E2C0A1F8D} = {39AC22CA-ADE1-480D-A87E-1B5B093E2BAD}
		{0A740F89-6BA1-4217-AF7D-22C7F051AF47} = {39AC22CA-ADE1-480D-A87E-1B5B093E2BAD}
	EndGlobalSection
EndGlobal
