
Microsoft Visual Studio Solution File, Format Version 11.00
# Visual Studio 2010
Project("{FAE04EC0-301F-11D3-BF4B-00C04F79EFBC}") = "MsgManager", "MsgManager\MsgManager.csproj", "{01A94ED1-5C05-4318-884F-36907C0B82B0}"
EndProject
Global
	GlobalSection(SolutionConfigurationPlatforms) = preSolution
		Debug|Any CPU = Debug|Any CPU
		Release|Any CPU = Release|Any CPU
	EndGlobalSection
	GlobalSection(ProjectConfigurationPlatforms) = postSolution
		{01A94ED1-5C05-4318-884F-36907C0B82B0}.Debug|Any CPU.ActiveCfg = Debug|Any CPU
		{01A94ED1-5C05-4318-884F-36907C0B82B0}.Debug|Any CPU.Build.0 = Debug|Any CPU
		{01A94ED1-5C05-4318-884F-36907C0B82B0}.Release|Any CPU.ActiveCfg = Release|Any CPU
		{01A94ED1-5C05-4318-884F-36907C0B82B0}.Release|Any CPU.Build.0 = Release|Any CPU
	EndGlobalSection
	GlobalSection(SolutionProperties) = preSolution
		HideSolutionNode = FALSE
	EndGlobalSection
EndGlobal
