
Microsoft Visual Studio Solution File, Format Version 11.00
# Visual Studio 2010
Project("{FAE04EC0-301F-11D3-BF4B-00C04F79EFBC}") = "NursingReport", "NursingReport\NursingReport.csproj", "{0872B6E5-83BA-4022-94C3-D236200C9724}"
EndProject
Global
	GlobalSection(SolutionConfigurationPlatforms) = preSolution
		Debug|Any CPU = Debug|Any CPU
		Release|Any CPU = Release|Any CPU
	EndGlobalSection
	GlobalSection(ProjectConfigurationPlatforms) = postSolution
		{0872B6E5-83BA-4022-94C3-D236200C9724}.Debug|Any CPU.ActiveCfg = Debug|Any CPU
		{0872B6E5-83BA-4022-94C3-D236200C9724}.Debug|Any CPU.Build.0 = Debug|Any CPU
		{0872B6E5-83BA-4022-94C3-D236200C9724}.Release|Any CPU.ActiveCfg = Release|Any CPU
		{0872B6E5-83BA-4022-94C3-D236200C9724}.Release|Any CPU.Build.0 = Release|Any CPU
	EndGlobalSection
	GlobalSection(SolutionProperties) = preSolution
		HideSolutionNode = FALSE
	EndGlobalSection
EndGlobal
