
Microsoft Visual Studio Solution File, Format Version 10.00
# Visual Studio 2008
Project("{FAE04EC0-301F-11D3-BF4B-00C04F79EFBC}") = "DbInfo", "DbInfo\DbInfo.csproj", "{9DC467B0-E7EE-4041-96B1-82B5EC8A5650}"
EndProject
Global
	GlobalSection(SolutionConfigurationPlatforms) = preSolution
		Debug|Any CPU = Debug|Any CPU
		Release|Any CPU = Release|Any CPU
	EndGlobalSection
	GlobalSection(ProjectConfigurationPlatforms) = postSolution
		{9DC467B0-E7EE-4041-96B1-82B5EC8A5650}.Debug|Any CPU.ActiveCfg = Debug|Any CPU
		{9DC467B0-E7EE-4041-96B1-82B5EC8A5650}.Debug|Any CPU.Build.0 = Debug|Any CPU
		{9DC467B0-E7EE-4041-96B1-82B5EC8A5650}.Release|Any CPU.ActiveCfg = Release|Any CPU
		{9DC467B0-E7EE-4041-96B1-82B5EC8A5650}.Release|Any CPU.Build.0 = Release|Any CPU
	EndGlobalSection
	GlobalSection(SolutionProperties) = preSolution
		HideSolutionNode = FALSE
	EndGlobalSection
EndGlobal
